{
  "object": {
    "pins": [
      {
        "package": "ChineseAstrologyCalendar",
        "repositoryURL": "git@github.com:xiangyu-sun/ChineseAstrologyCalendar.git",
        "state": {
          "branch": "master",
          "revision": "e49bac8c37b631a293d12f2a320ed8c95108ba79",
          "version": null
        }
      },
      {
        "package": "JingluoShuxue",
        "repositoryURL": "https://github.com/xiangyu-sun/JingluoShuxueCore.git",
        "state": {
          "branch": "main",
          "revision": "1a9cf4298c61b4c23e963a5e6039267561d155b8",
          "version": null
        }
      }
    ]
  },
  "version": 1
}
