{
  "object": {
    "pins": [
      {
        "package": "ChineseAstrologyCalendar",
        "repositoryURL": "git@github.com:xiangyu-sun/ChineseAstrologyCalendar.git",
        "state": {
          "branch": "master",
          "revision": "5b905a9ac3b341424b8d35383c6a7f9ebd98039c",
          "version": null
        }
      },
      {
        "package": "JingluoShuxue",
        "repositoryURL": "https://github.com/xiangyu-sun/JingluoShuxueCore.git",
        "state": {
          "branch": "main",
          "revision": "1a9cf4298c61b4c23e963a5e6039267561d155b8",
          "version": null
        }
      }
    ]
  },
  "version": 1
}
