// !$*UTF8*$!
{
	archiveVersion = 1;
	classes = {
	};
	objectVersion = 52;
	objects = {

/* Begin PBXBuildFile section */
		460BA9AA26F24CA10025CA39 /* ShiciListView.swift in Sources */ = {isa = PBXBuildFile; fileRef = 460BA9A926F24CA10025CA39 /* ShiciListView.swift */; };
		460BA9AC26F24DAD0025CA39 /* ShiciView.swift in Sources */ = {isa = PBXBuildFile; fileRef = 460BA9AB26F24DAD0025CA39 /* ShiciView.swift */; };
		460EE4DB270211EA0006A7D3 /* FirebaseAnalytics in Frameworks */ = {isa = PBXBuildFile; productRef = 460EE4DA270211EA0006A7D3 /* FirebaseAnalytics */; };
		462A5F6624FFE5F20032A125 /* WidgetKit.framework in Frameworks */ = {isa = PBXBuildFile; fileRef = 462A5F6524FFE5F20032A125 /* WidgetKit.framework */; };
		462A5F6824FFE5F20032A125 /* SwiftUI.framework in Frameworks */ = {isa = PBXBuildFile; fileRef = 462A5F6724FFE5F20032A125 /* SwiftUI.framework */; };
		462A5F6B24FFE5F20032A125 /* ShiChen.swift in Sources */ = {isa = PBXBuildFile; fileRef = 462A5F6A24FFE5F20032A125 /* ShiChen.swift */; };
		462A5F6E24FFE5F20032A125 /* Assets.xcassets in Resources */ = {isa = PBXBuildFile; fileRef = 462A5F6D24FFE5F20032A125 /* Assets.xcassets */; };
		462A5F7424FFE5F20032A125 /* ShiChenExtension.appex in Embed Foundation Extensions */ = {isa = PBXBuildFile; fileRef = 462A5F6424FFE5F20032A125 /* ShiChenExtension.appex */; settings = {ATTRIBUTES = (RemoveHeadersOnCopy, ); }; };
		46339FDC2500EA41007D4137 /* CircularContainerView.swift in Sources */ = {isa = PBXBuildFile; fileRef = 46E055B124B02FA900AC2AE5 /* CircularContainerView.swift */; };
		46339FDD2500EA60007D4137 /* ShichenView.swift in Sources */ = {isa = PBXBuildFile; fileRef = 46E055B724B065BD00AC2AE5 /* ShichenView.swift */; };
		46339FE325024E85007D4137 /* Styler.swift in Sources */ = {isa = PBXBuildFile; fileRef = 46339FE225024E85007D4137 /* Styler.swift */; };
		46339FE425024F2B007D4137 /* Styler.swift in Sources */ = {isa = PBXBuildFile; fileRef = 46339FE225024E85007D4137 /* Styler.swift */; };
		46339FE625027DA8007D4137 /* ShichenHStackView.swift in Sources */ = {isa = PBXBuildFile; fileRef = 46339FE525027DA8007D4137 /* ShichenHStackView.swift */; };
		46339FE725027E6F007D4137 /* ShichenHStackView.swift in Sources */ = {isa = PBXBuildFile; fileRef = 46339FE525027DA8007D4137 /* ShichenHStackView.swift */; };
		46339FE925028279007D4137 /* KnowledgeView.swift in Sources */ = {isa = PBXBuildFile; fileRef = 46339FE825028279007D4137 /* KnowledgeView.swift */; };
		46339FEB25028DB5007D4137 /* MainView.swift in Sources */ = {isa = PBXBuildFile; fileRef = 46339FEA25028DB5007D4137 /* MainView.swift */; };
		46339FF025029C64007D4137 /* JingluoShuxue in Frameworks */ = {isa = PBXBuildFile; productRef = 46339FEF25029C64007D4137 /* JingluoShuxue */; };
		46393EE42542F57900E40518 /* ShiChen.intentdefinition in Sources */ = {isa = PBXBuildFile; fileRef = 46393EE72542F57900E40518 /* ShiChen.intentdefinition */; };
		46393EE52542F57900E40518 /* ShiChen.intentdefinition in Sources */ = {isa = PBXBuildFile; fileRef = 46393EE72542F57900E40518 /* ShiChen.intentdefinition */; };
		46701DFB271B2A0800D6D322 /* Shichen WatchKit App.app in Embed Watch Content */ = {isa = PBXBuildFile; fileRef = 46701DFA271B2A0800D6D322 /* Shichen WatchKit App.app */; settings = {ATTRIBUTES = (RemoveHeadersOnCopy, ); }; };
		46701E00271B2A0900D6D322 /* Assets.xcassets in Resources */ = {isa = PBXBuildFile; fileRef = 46701DFF271B2A0900D6D322 /* Assets.xcassets */; };
		46701E0B271B2A0900D6D322 /* TianganDizhiApp.swift in Sources */ = {isa = PBXBuildFile; fileRef = 46701E0A271B2A0900D6D322 /* TianganDizhiApp.swift */; };
		46701E0D271B2A0900D6D322 /* ContentView.swift in Sources */ = {isa = PBXBuildFile; fileRef = 46701E0C271B2A0900D6D322 /* ContentView.swift */; };
		46701E0F271B2A0900D6D322 /* NotificationController.swift in Sources */ = {isa = PBXBuildFile; fileRef = 46701E0E271B2A0900D6D322 /* NotificationController.swift */; };
		46701E11271B2A0900D6D322 /* NotificationView.swift in Sources */ = {isa = PBXBuildFile; fileRef = 46701E10271B2A0900D6D322 /* NotificationView.swift */; };
		46701E13271B2A0900D6D322 /* ComplicationController.swift in Sources */ = {isa = PBXBuildFile; fileRef = 46701E12271B2A0900D6D322 /* ComplicationController.swift */; };
		46701E15271B2A0A00D6D322 /* Assets.xcassets in Resources */ = {isa = PBXBuildFile; fileRef = 46701E14271B2A0A00D6D322 /* Assets.xcassets */; };
		46701E18271B2A0A00D6D322 /* Preview Assets.xcassets in Resources */ = {isa = PBXBuildFile; fileRef = 46701E17271B2A0A00D6D322 /* Preview Assets.xcassets */; };
		46701E2B271B2CBA00D6D322 /* ChineseAstrologyCalendar in Frameworks */ = {isa = PBXBuildFile; productRef = 46701E2A271B2CBA00D6D322 /* ChineseAstrologyCalendar */; };
		46701E2E271B2EDA00D6D322 /* CompactShichenView.swift in Sources */ = {isa = PBXBuildFile; fileRef = 46701E2C271B2E7E00D6D322 /* CompactShichenView.swift */; };
		46701E30271B303300D6D322 /* Environment.swift in Sources */ = {isa = PBXBuildFile; fileRef = 46B79C3F2541F95F003C0B7F /* Environment.swift */; };
		46701E31271B308D00D6D322 /* Styler.swift in Sources */ = {isa = PBXBuildFile; fileRef = 46339FE225024E85007D4137 /* Styler.swift */; };
		46701E32271B31AA00D6D322 /* ShichenHStackView.swift in Sources */ = {isa = PBXBuildFile; fileRef = 46339FE525027DA8007D4137 /* ShichenHStackView.swift */; };
		46701E35271B37E300D6D322 /* ShichenView.swift in Sources */ = {isa = PBXBuildFile; fileRef = 46701E34271B37E300D6D322 /* ShichenView.swift */; };
		46701E37271B3B8A00D6D322 /* WeibeiTC-Bold.otf in Resources */ = {isa = PBXBuildFile; fileRef = 46B79C0C2541E4B9003C0B7F /* WeibeiTC-Bold.otf */; };
		46701E39271C1C8800D6D322 /* Emoji+Image.swift in Sources */ = {isa = PBXBuildFile; fileRef = 46701E38271C1C8800D6D322 /* Emoji+Image.swift */; };
		468844D024F54B4600310941 /* Updater.swift in Sources */ = {isa = PBXBuildFile; fileRef = 468844CF24F54B4600310941 /* Updater.swift */; };
		4690D63225C02948008D9D1B /* ChineseAstrologyCalendar in Frameworks */ = {isa = PBXBuildFile; productRef = 4690D63125C02948008D9D1B /* ChineseAstrologyCalendar */; };
		46AB55CB242B5EFD00F6604A /* AppDelegate.swift in Sources */ = {isa = PBXBuildFile; fileRef = 46AB55CA242B5EFD00F6604A /* AppDelegate.swift */; };
		46AB55CD242B5EFD00F6604A /* SceneDelegate.swift in Sources */ = {isa = PBXBuildFile; fileRef = 46AB55CC242B5EFD00F6604A /* SceneDelegate.swift */; };
		46AB55CF242B5EFD00F6604A /* ContentView.swift in Sources */ = {isa = PBXBuildFile; fileRef = 46AB55CE242B5EFD00F6604A /* ContentView.swift */; };
		46AB55D1242B5EFF00F6604A /* Assets.xcassets in Resources */ = {isa = PBXBuildFile; fileRef = 46AB55D0242B5EFF00F6604A /* Assets.xcassets */; };
		46AB55D4242B5EFF00F6604A /* Preview Assets.xcassets in Resources */ = {isa = PBXBuildFile; fileRef = 46AB55D3242B5EFF00F6604A /* Preview Assets.xcassets */; };
		46AB55D7242B5EFF00F6604A /* LaunchScreen.storyboard in Resources */ = {isa = PBXBuildFile; fileRef = 46AB55D5242B5EFF00F6604A /* LaunchScreen.storyboard */; };
		46AB55E2242B5EFF00F6604A /* TianganDizhiTests.swift in Sources */ = {isa = PBXBuildFile; fileRef = 46AB55E1242B5EFF00F6604A /* TianganDizhiTests.swift */; };
		46AB55ED242B5EFF00F6604A /* TianganDizhiUITests.swift in Sources */ = {isa = PBXBuildFile; fileRef = 46AB55EC242B5EFF00F6604A /* TianganDizhiUITests.swift */; };
		46AB55FD242B5F7100F6604A /* DizhiListView.swift in Sources */ = {isa = PBXBuildFile; fileRef = 46AB55FC242B5F7100F6604A /* DizhiListView.swift */; };
		46B2423825B3250D00B17A4A /* ChineseAstrologyCalendar in Frameworks */ = {isa = PBXBuildFile; productRef = 46B2423725B3250D00B17A4A /* ChineseAstrologyCalendar */; };
		46B79C0D2541E4B9003C0B7F /* WeibeiTC-Bold.otf in Resources */ = {isa = PBXBuildFile; fileRef = 46B79C0C2541E4B9003C0B7F /* WeibeiTC-Bold.otf */; };
		46B79C0E2541E4B9003C0B7F /* WeibeiTC-Bold.otf in Resources */ = {isa = PBXBuildFile; fileRef = 46B79C0C2541E4B9003C0B7F /* WeibeiTC-Bold.otf */; };
		46B79C342541EB87003C0B7F /* SnapshotHelper.swift in Sources */ = {isa = PBXBuildFile; fileRef = 46B79C332541EB87003C0B7F /* SnapshotHelper.swift */; };
		46B79C402541F95F003C0B7F /* Environment.swift in Sources */ = {isa = PBXBuildFile; fileRef = 46B79C3F2541F95F003C0B7F /* Environment.swift */; };
		46B79C462541F962003C0B7F /* Environment.swift in Sources */ = {isa = PBXBuildFile; fileRef = 46B79C3F2541F95F003C0B7F /* Environment.swift */; };
		46B79CD62542F0AE003C0B7F /* InfoPlist.strings in Resources */ = {isa = PBXBuildFile; fileRef = 46B79CD82542F0AE003C0B7F /* InfoPlist.strings */; };
		46B7FCE725061F81008E8D48 /* ChinesePinyin.swift in Sources */ = {isa = PBXBuildFile; fileRef = 46B7FCE625061F81008E8D48 /* ChinesePinyin.swift */; };
		46B7FCE9250620CC008E8D48 /* TimelineScheduler.swift in Sources */ = {isa = PBXBuildFile; fileRef = 46B7FCE8250620CC008E8D48 /* TimelineScheduler.swift */; };
		46B7FCEA250630DE008E8D48 /* TimelineScheduler.swift in Sources */ = {isa = PBXBuildFile; fileRef = 46B7FCE8250620CC008E8D48 /* TimelineScheduler.swift */; };
		46B816892543F42900B051B2 /* GoogleService-Info.plist in Resources */ = {isa = PBXBuildFile; fileRef = 46B816882543F42900B051B2 /* GoogleService-Info.plist */; };
		46E055A524AF2B3A00AC2AE5 /* TianganListView.swift in Sources */ = {isa = PBXBuildFile; fileRef = 46E055A424AF2B3A00AC2AE5 /* TianganListView.swift */; };
		46E055B224B02FA900AC2AE5 /* CircularContainerView.swift in Sources */ = {isa = PBXBuildFile; fileRef = 46E055B124B02FA900AC2AE5 /* CircularContainerView.swift */; };
		46E055B824B065BD00AC2AE5 /* ShichenView.swift in Sources */ = {isa = PBXBuildFile; fileRef = 46E055B724B065BD00AC2AE5 /* ShichenView.swift */; };
		46EF7F7E271077AE007030CC /* JieqiListView.swift in Sources */ = {isa = PBXBuildFile; fileRef = 46EF7F7D271077AE007030CC /* JieqiListView.swift */; };
		46EF7F8027107968007030CC /* JieqiCell.swift in Sources */ = {isa = PBXBuildFile; fileRef = 46EF7F7F27107968007030CC /* JieqiCell.swift */; };
		46EF7F8227108A00007030CC /* JieqiCircularView.swift in Sources */ = {isa = PBXBuildFile; fileRef = 46EF7F8127108A00007030CC /* JieqiCircularView.swift */; };
		46EF7F8427108D73007030CC /* JieqiContainerView.swift in Sources */ = {isa = PBXBuildFile; fileRef = 46EF7F8327108D73007030CC /* JieqiContainerView.swift */; };
		46F9C28525D137020017440D /* ChineseTranditionalMusicCore in Frameworks */ = {isa = PBXBuildFile; productRef = 46F9C28425D137020017440D /* ChineseTranditionalMusicCore */; };
		46F9C28C25D137D50017440D /* Cells.swift in Sources */ = {isa = PBXBuildFile; fileRef = 46F9C28B25D137D50017440D /* Cells.swift */; };
		993843A4285633D900FA7631 /* ShiChen.swift in Sources */ = {isa = PBXBuildFile; fileRef = 462A5F6A24FFE5F20032A125 /* ShiChen.swift */; };
		993843A5285633D900FA7631 /* Environment.swift in Sources */ = {isa = PBXBuildFile; fileRef = 46B79C3F2541F95F003C0B7F /* Environment.swift */; };
		993843A6285633D900FA7631 /* Styler.swift in Sources */ = {isa = PBXBuildFile; fileRef = 46339FE225024E85007D4137 /* Styler.swift */; };
		993843A7285633D900FA7631 /* ShiChen.intentdefinition in Sources */ = {isa = PBXBuildFile; fileRef = 46393EE72542F57900E40518 /* ShiChen.intentdefinition */; };
		993843A8285633D900FA7631 /* ShichenView.swift in Sources */ = {isa = PBXBuildFile; fileRef = 46E055B724B065BD00AC2AE5 /* ShichenView.swift */; };
		993843A9285633D900FA7631 /* ShichenHStackView.swift in Sources */ = {isa = PBXBuildFile; fileRef = 46339FE525027DA8007D4137 /* ShichenHStackView.swift */; };
		993843AA285633D900FA7631 /* CircularContainerView.swift in Sources */ = {isa = PBXBuildFile; fileRef = 46E055B124B02FA900AC2AE5 /* CircularContainerView.swift */; };
		993843AB285633D900FA7631 /* CompactShichenView.swift in Sources */ = {isa = PBXBuildFile; fileRef = 46701E2C271B2E7E00D6D322 /* CompactShichenView.swift */; };
		993843AC285633D900FA7631 /* TimelineScheduler.swift in Sources */ = {isa = PBXBuildFile; fileRef = 46B7FCE8250620CC008E8D48 /* TimelineScheduler.swift */; };
		993843AE285633D900FA7631 /* SwiftUI.framework in Frameworks */ = {isa = PBXBuildFile; fileRef = 462A5F6724FFE5F20032A125 /* SwiftUI.framework */; };
		993843AF285633D900FA7631 /* ChineseAstrologyCalendar in Frameworks */ = {isa = PBXBuildFile; productRef = 993843A1285633D900FA7631 /* ChineseAstrologyCalendar */; };
		993843B0285633D900FA7631 /* WidgetKit.framework in Frameworks */ = {isa = PBXBuildFile; fileRef = 462A5F6524FFE5F20032A125 /* WidgetKit.framework */; };
		993843B2285633D900FA7631 /* WeibeiTC-Bold.otf in Resources */ = {isa = PBXBuildFile; fileRef = 46B79C0C2541E4B9003C0B7F /* WeibeiTC-Bold.otf */; };
		993843B3285633D900FA7631 /* Assets.xcassets in Resources */ = {isa = PBXBuildFile; fileRef = 462A5F6D24FFE5F20032A125 /* Assets.xcassets */; };
		993843B92856346900FA7631 /* ShiChenExtension Watch.appex in Embed Foundation Extensions */ = {isa = PBXBuildFile; fileRef = 993843B7285633D900FA7631 /* ShiChenExtension Watch.appex */; settings = {ATTRIBUTES = (RemoveHeadersOnCopy, ); }; };
		993843BF285636DB00FA7631 /* ShiChenEntryView.swift in Sources */ = {isa = PBXBuildFile; fileRef = 993843BD285636B800FA7631 /* ShiChenEntryView.swift */; };
		993843C0285636DC00FA7631 /* ShiChenEntryView.swift in Sources */ = {isa = PBXBuildFile; fileRef = 993843BD285636B800FA7631 /* ShiChenEntryView.swift */; };
		993843C328563D0300FA7631 /* ShiChenYearMonthDateEntryView.swift in Sources */ = {isa = PBXBuildFile; fileRef = 993843C128563CD200FA7631 /* ShiChenYearMonthDateEntryView.swift */; };
		993843C428563D0400FA7631 /* ShiChenYearMonthDateEntryView.swift in Sources */ = {isa = PBXBuildFile; fileRef = 993843C128563CD200FA7631 /* ShiChenYearMonthDateEntryView.swift */; };
		994D37542864C05200A9C99E /* FullDateTitleView.swift in Sources */ = {isa = PBXBuildFile; fileRef = 994D37522864BFF200A9C99E /* FullDateTitleView.swift */; };
		994D37552864C05300A9C99E /* FullDateTitleView.swift in Sources */ = {isa = PBXBuildFile; fileRef = 994D37522864BFF200A9C99E /* FullDateTitleView.swift */; };
/* End PBXBuildFile section */

/* Begin PBXContainerItemProxy section */
		462A5F7224FFE5F20032A125 /* PBXContainerItemProxy */ = {
			isa = PBXContainerItemProxy;
			containerPortal = 46AB55BF242B5EFD00F6604A /* Project object */;
			proxyType = 1;
			remoteGlobalIDString = 462A5F6324FFE5F20032A125;
			remoteInfo = ShiChenExtension;
		};
		46701DFC271B2A0800D6D322 /* PBXContainerItemProxy */ = {
			isa = PBXContainerItemProxy;
			containerPortal = 46AB55BF242B5EFD00F6604A /* Project object */;
			proxyType = 1;
			remoteGlobalIDString = 46701DF9271B2A0800D6D322;
			remoteInfo = "Shichen WatchKit App";
		};
		46AB55DE242B5EFF00F6604A /* PBXContainerItemProxy */ = {
			isa = PBXContainerItemProxy;
			containerPortal = 46AB55BF242B5EFD00F6604A /* Project object */;
			proxyType = 1;
			remoteGlobalIDString = 46AB55C6242B5EFD00F6604A;
			remoteInfo = TianganDizhi;
		};
		46AB55E9242B5EFF00F6604A /* PBXContainerItemProxy */ = {
			isa = PBXContainerItemProxy;
			containerPortal = 46AB55BF242B5EFD00F6604A /* Project object */;
			proxyType = 1;
			remoteGlobalIDString = 46AB55C6242B5EFD00F6604A;
			remoteInfo = TianganDizhi;
		};
		993843BA2856346900FA7631 /* PBXContainerItemProxy */ = {
			isa = PBXContainerItemProxy;
			containerPortal = 46AB55BF242B5EFD00F6604A /* Project object */;
			proxyType = 1;
			remoteGlobalIDString = 993843A0285633D900FA7631;
			remoteInfo = "ShiChenExtension Watch";
		};
/* End PBXContainerItemProxy section */

/* Begin PBXCopyFilesBuildPhase section */
		46701E1D271B2A0A00D6D322 /* Embed Watch Content */ = {
			isa = PBXCopyFilesBuildPhase;
			buildActionMask = 2147483647;
			dstPath = "$(CONTENTS_FOLDER_PATH)/Watch";
			dstSubfolderSpec = 16;
			files = (
				46701DFB271B2A0800D6D322 /* Shichen WatchKit App.app in Embed Watch Content */,
			);
			name = "Embed Watch Content";
			runOnlyForDeploymentPostprocessing = 0;
		};
		46AB5615242B7F6C00F6604A /* Embed Foundation Extensions */ = {
			isa = PBXCopyFilesBuildPhase;
			buildActionMask = 2147483647;
			dstPath = "";
			dstSubfolderSpec = 13;
			files = (
				462A5F7424FFE5F20032A125 /* ShiChenExtension.appex in Embed Foundation Extensions */,
			);
			name = "Embed Foundation Extensions";
			runOnlyForDeploymentPostprocessing = 0;
		};
		993843BC2856346900FA7631 /* Embed Foundation Extensions */ = {
			isa = PBXCopyFilesBuildPhase;
			buildActionMask = 2147483647;
			dstPath = "";
			dstSubfolderSpec = 13;
			files = (
				993843B92856346900FA7631 /* ShiChenExtension Watch.appex in Embed Foundation Extensions */,
			);
			name = "Embed Foundation Extensions";
			runOnlyForDeploymentPostprocessing = 0;
		};
/* End PBXCopyFilesBuildPhase section */

/* Begin PBXFileReference section */
		460BA9A926F24CA10025CA39 /* ShiciListView.swift */ = {isa = PBXFileReference; lastKnownFileType = sourcecode.swift; path = ShiciListView.swift; sourceTree = "<group>"; };
		460BA9AB26F24DAD0025CA39 /* ShiciView.swift */ = {isa = PBXFileReference; lastKnownFileType = sourcecode.swift; path = ShiciView.swift; sourceTree = "<group>"; };
		462A5F6424FFE5F20032A125 /* ShiChenExtension.appex */ = {isa = PBXFileReference; explicitFileType = "wrapper.app-extension"; includeInIndex = 0; path = ShiChenExtension.appex; sourceTree = BUILT_PRODUCTS_DIR; };
		462A5F6524FFE5F20032A125 /* WidgetKit.framework */ = {isa = PBXFileReference; lastKnownFileType = wrapper.framework; name = WidgetKit.framework; path = System/Library/Frameworks/WidgetKit.framework; sourceTree = SDKROOT; };
		462A5F6724FFE5F20032A125 /* SwiftUI.framework */ = {isa = PBXFileReference; lastKnownFileType = wrapper.framework; name = SwiftUI.framework; path = System/Library/Frameworks/SwiftUI.framework; sourceTree = SDKROOT; };
		462A5F6A24FFE5F20032A125 /* ShiChen.swift */ = {isa = PBXFileReference; lastKnownFileType = sourcecode.swift; path = ShiChen.swift; sourceTree = "<group>"; };
		462A5F6D24FFE5F20032A125 /* Assets.xcassets */ = {isa = PBXFileReference; lastKnownFileType = folder.assetcatalog; path = Assets.xcassets; sourceTree = "<group>"; };
		462A5F6F24FFE5F20032A125 /* Info.plist */ = {isa = PBXFileReference; lastKnownFileType = text.plist.xml; path = Info.plist; sourceTree = "<group>"; };
		46339FE225024E85007D4137 /* Styler.swift */ = {isa = PBXFileReference; lastKnownFileType = sourcecode.swift; path = Styler.swift; sourceTree = "<group>"; };
		46339FE525027DA8007D4137 /* ShichenHStackView.swift */ = {isa = PBXFileReference; lastKnownFileType = sourcecode.swift; path = ShichenHStackView.swift; sourceTree = "<group>"; };
		46339FE825028279007D4137 /* KnowledgeView.swift */ = {isa = PBXFileReference; lastKnownFileType = sourcecode.swift; path = KnowledgeView.swift; sourceTree = "<group>"; };
		46339FEA25028DB5007D4137 /* MainView.swift */ = {isa = PBXFileReference; lastKnownFileType = sourcecode.swift; path = MainView.swift; sourceTree = "<group>"; };
		46339FEC250296BF007D4137 /* ShiChenExtension.entitlements */ = {isa = PBXFileReference; lastKnownFileType = text.plist.entitlements; path = ShiChenExtension.entitlements; sourceTree = "<group>"; };
		46393EE62542F57900E40518 /* Base */ = {isa = PBXFileReference; lastKnownFileType = file.intentdefinition; name = Base; path = Base.lproj/ShiChen.intentdefinition; sourceTree = "<group>"; };
		46393EEE2542F57F00E40518 /* zh-Hans */ = {isa = PBXFileReference; lastKnownFileType = text.plist.strings; name = "zh-Hans"; path = "zh-Hans.lproj/ShiChen.strings"; sourceTree = "<group>"; };
		46393EF52542F58000E40518 /* zh-Hant */ = {isa = PBXFileReference; lastKnownFileType = text.plist.strings; name = "zh-Hant"; path = "zh-Hant.lproj/ShiChen.strings"; sourceTree = "<group>"; };
		46701DF7271B2A0800D6D322 /* Shichen.app */ = {isa = PBXFileReference; explicitFileType = wrapper.application; includeInIndex = 0; path = Shichen.app; sourceTree = BUILT_PRODUCTS_DIR; };
		46701DFA271B2A0800D6D322 /* Shichen WatchKit App.app */ = {isa = PBXFileReference; explicitFileType = wrapper.application; includeInIndex = 0; path = "Shichen WatchKit App.app"; sourceTree = BUILT_PRODUCTS_DIR; };
		46701DFF271B2A0900D6D322 /* Assets.xcassets */ = {isa = PBXFileReference; lastKnownFileType = folder.assetcatalog; path = Assets.xcassets; sourceTree = "<group>"; };
		46701E0A271B2A0900D6D322 /* TianganDizhiApp.swift */ = {isa = PBXFileReference; lastKnownFileType = sourcecode.swift; path = TianganDizhiApp.swift; sourceTree = "<group>"; };
		46701E0C271B2A0900D6D322 /* ContentView.swift */ = {isa = PBXFileReference; lastKnownFileType = sourcecode.swift; path = ContentView.swift; sourceTree = "<group>"; };
		46701E0E271B2A0900D6D322 /* NotificationController.swift */ = {isa = PBXFileReference; lastKnownFileType = sourcecode.swift; path = NotificationController.swift; sourceTree = "<group>"; };
		46701E10271B2A0900D6D322 /* NotificationView.swift */ = {isa = PBXFileReference; lastKnownFileType = sourcecode.swift; path = NotificationView.swift; sourceTree = "<group>"; };
		46701E12271B2A0900D6D322 /* ComplicationController.swift */ = {isa = PBXFileReference; lastKnownFileType = sourcecode.swift; path = ComplicationController.swift; sourceTree = "<group>"; };
		46701E14271B2A0A00D6D322 /* Assets.xcassets */ = {isa = PBXFileReference; lastKnownFileType = folder.assetcatalog; path = Assets.xcassets; sourceTree = "<group>"; };
		46701E17271B2A0A00D6D322 /* Preview Assets.xcassets */ = {isa = PBXFileReference; lastKnownFileType = folder.assetcatalog; path = "Preview Assets.xcassets"; sourceTree = "<group>"; };
		46701E19271B2A0A00D6D322 /* Info.plist */ = {isa = PBXFileReference; lastKnownFileType = text.plist.xml; path = Info.plist; sourceTree = "<group>"; };
		46701E1A271B2A0A00D6D322 /* PushNotificationPayload.apns */ = {isa = PBXFileReference; lastKnownFileType = text; path = PushNotificationPayload.apns; sourceTree = "<group>"; };
		46701E2C271B2E7E00D6D322 /* CompactShichenView.swift */ = {isa = PBXFileReference; lastKnownFileType = sourcecode.swift; path = CompactShichenView.swift; sourceTree = "<group>"; };
		46701E34271B37E300D6D322 /* ShichenView.swift */ = {isa = PBXFileReference; lastKnownFileType = sourcecode.swift; path = ShichenView.swift; sourceTree = "<group>"; };
		46701E38271C1C8800D6D322 /* Emoji+Image.swift */ = {isa = PBXFileReference; lastKnownFileType = sourcecode.swift; path = "Emoji+Image.swift"; sourceTree = "<group>"; };
		468844CF24F54B4600310941 /* Updater.swift */ = {isa = PBXFileReference; lastKnownFileType = sourcecode.swift; path = Updater.swift; sourceTree = "<group>"; };
		46AB55C7242B5EFD00F6604A /* TianganDizhi.app */ = {isa = PBXFileReference; explicitFileType = wrapper.application; includeInIndex = 0; path = TianganDizhi.app; sourceTree = BUILT_PRODUCTS_DIR; };
		46AB55CA242B5EFD00F6604A /* AppDelegate.swift */ = {isa = PBXFileReference; lastKnownFileType = sourcecode.swift; path = AppDelegate.swift; sourceTree = "<group>"; };
		46AB55CC242B5EFD00F6604A /* SceneDelegate.swift */ = {isa = PBXFileReference; lastKnownFileType = sourcecode.swift; path = SceneDelegate.swift; sourceTree = "<group>"; };
		46AB55CE242B5EFD00F6604A /* ContentView.swift */ = {isa = PBXFileReference; lastKnownFileType = sourcecode.swift; path = ContentView.swift; sourceTree = "<group>"; };
		46AB55D0242B5EFF00F6604A /* Assets.xcassets */ = {isa = PBXFileReference; lastKnownFileType = folder.assetcatalog; path = Assets.xcassets; sourceTree = "<group>"; };
		46AB55D3242B5EFF00F6604A /* Preview Assets.xcassets */ = {isa = PBXFileReference; lastKnownFileType = folder.assetcatalog; path = "Preview Assets.xcassets"; sourceTree = "<group>"; };
		46AB55D6242B5EFF00F6604A /* Base */ = {isa = PBXFileReference; lastKnownFileType = file.storyboard; name = Base; path = Base.lproj/LaunchScreen.storyboard; sourceTree = "<group>"; };
		46AB55D8242B5EFF00F6604A /* Info.plist */ = {isa = PBXFileReference; lastKnownFileType = text.plist.xml; path = Info.plist; sourceTree = "<group>"; };
		46AB55DD242B5EFF00F6604A /* TianganDizhiTests.xctest */ = {isa = PBXFileReference; explicitFileType = wrapper.cfbundle; includeInIndex = 0; path = TianganDizhiTests.xctest; sourceTree = BUILT_PRODUCTS_DIR; };
		46AB55E1242B5EFF00F6604A /* TianganDizhiTests.swift */ = {isa = PBXFileReference; lastKnownFileType = sourcecode.swift; path = TianganDizhiTests.swift; sourceTree = "<group>"; };
		46AB55E3242B5EFF00F6604A /* Info.plist */ = {isa = PBXFileReference; lastKnownFileType = text.plist.xml; path = Info.plist; sourceTree = "<group>"; };
		46AB55E8242B5EFF00F6604A /* TianganDizhiUITests.xctest */ = {isa = PBXFileReference; explicitFileType = wrapper.cfbundle; includeInIndex = 0; path = TianganDizhiUITests.xctest; sourceTree = BUILT_PRODUCTS_DIR; };
		46AB55EC242B5EFF00F6604A /* TianganDizhiUITests.swift */ = {isa = PBXFileReference; lastKnownFileType = sourcecode.swift; path = TianganDizhiUITests.swift; sourceTree = "<group>"; };
		46AB55EE242B5EFF00F6604A /* Info.plist */ = {isa = PBXFileReference; lastKnownFileType = text.plist.xml; path = Info.plist; sourceTree = "<group>"; };
		46AB55FC242B5F7100F6604A /* DizhiListView.swift */ = {isa = PBXFileReference; lastKnownFileType = sourcecode.swift; path = DizhiListView.swift; sourceTree = "<group>"; };
		46AB5606242B7F6C00F6604A /* NotificationCenter.framework */ = {isa = PBXFileReference; lastKnownFileType = wrapper.framework; name = NotificationCenter.framework; path = System/Library/Frameworks/NotificationCenter.framework; sourceTree = SDKROOT; };
		46B79C0C2541E4B9003C0B7F /* WeibeiTC-Bold.otf */ = {isa = PBXFileReference; lastKnownFileType = file; path = "WeibeiTC-Bold.otf"; sourceTree = "<group>"; };
		46B79C332541EB87003C0B7F /* SnapshotHelper.swift */ = {isa = PBXFileReference; fileEncoding = 4; lastKnownFileType = sourcecode.swift; name = SnapshotHelper.swift; path = fastlane/SnapshotHelper.swift; sourceTree = SOURCE_ROOT; };
		46B79C3F2541F95F003C0B7F /* Environment.swift */ = {isa = PBXFileReference; lastKnownFileType = sourcecode.swift; path = Environment.swift; sourceTree = "<group>"; };
		46B79C5625420BC9003C0B7F /* zh-Hant */ = {isa = PBXFileReference; lastKnownFileType = text.plist.strings; name = "zh-Hant"; path = "zh-Hant.lproj/LaunchScreen.strings"; sourceTree = "<group>"; };
		46B79C7125420C5C003C0B7F /* zh-Hans */ = {isa = PBXFileReference; lastKnownFileType = text.plist.strings; name = "zh-Hans"; path = "zh-Hans.lproj/LaunchScreen.strings"; sourceTree = "<group>"; };
		46B79CB22542F017003C0B7F /* zh-Hans */ = {isa = PBXFileReference; lastKnownFileType = text.plist.strings; name = "zh-Hans"; path = "zh-Hans.lproj/InfoPlist.strings"; sourceTree = "<group>"; };
		46B79CB92542F019003C0B7F /* zh-Hant */ = {isa = PBXFileReference; lastKnownFileType = text.plist.strings; name = "zh-Hant"; path = "zh-Hant.lproj/InfoPlist.strings"; sourceTree = "<group>"; };
		46B79CD72542F0AE003C0B7F /* zh-Hans */ = {isa = PBXFileReference; lastKnownFileType = text.plist.strings; name = "zh-Hans"; path = "zh-Hans.lproj/InfoPlist.strings"; sourceTree = "<group>"; };
		46B79CDE2542F0B3003C0B7F /* zh-Hant */ = {isa = PBXFileReference; lastKnownFileType = text.plist.strings; name = "zh-Hant"; path = "zh-Hant.lproj/InfoPlist.strings"; sourceTree = "<group>"; };
		46B7FCE625061F81008E8D48 /* ChinesePinyin.swift */ = {isa = PBXFileReference; lastKnownFileType = sourcecode.swift; path = ChinesePinyin.swift; sourceTree = "<group>"; };
		46B7FCE8250620CC008E8D48 /* TimelineScheduler.swift */ = {isa = PBXFileReference; lastKnownFileType = sourcecode.swift; path = TimelineScheduler.swift; sourceTree = "<group>"; };
		46B816882543F42900B051B2 /* GoogleService-Info.plist */ = {isa = PBXFileReference; fileEncoding = 4; lastKnownFileType = text.plist.xml; path = "GoogleService-Info.plist"; sourceTree = "<group>"; };
		46E055A424AF2B3A00AC2AE5 /* TianganListView.swift */ = {isa = PBXFileReference; fileEncoding = 4; lastKnownFileType = sourcecode.swift; path = TianganListView.swift; sourceTree = "<group>"; };
		46E055B124B02FA900AC2AE5 /* CircularContainerView.swift */ = {isa = PBXFileReference; lastKnownFileType = sourcecode.swift; path = CircularContainerView.swift; sourceTree = "<group>"; };
		46E055B724B065BD00AC2AE5 /* ShichenView.swift */ = {isa = PBXFileReference; lastKnownFileType = sourcecode.swift; path = ShichenView.swift; sourceTree = "<group>"; };
		46EF7F7D271077AE007030CC /* JieqiListView.swift */ = {isa = PBXFileReference; lastKnownFileType = sourcecode.swift; path = JieqiListView.swift; sourceTree = "<group>"; };
		46EF7F7F27107968007030CC /* JieqiCell.swift */ = {isa = PBXFileReference; lastKnownFileType = sourcecode.swift; path = JieqiCell.swift; sourceTree = "<group>"; };
		46EF7F8127108A00007030CC /* JieqiCircularView.swift */ = {isa = PBXFileReference; lastKnownFileType = sourcecode.swift; path = JieqiCircularView.swift; sourceTree = "<group>"; };
		46EF7F8327108D73007030CC /* JieqiContainerView.swift */ = {isa = PBXFileReference; lastKnownFileType = sourcecode.swift; path = JieqiContainerView.swift; sourceTree = "<group>"; };
		46EF7FA42711D9CD007030CC /* AppStoreReviewPrompt */ = {isa = PBXFileReference; lastKnownFileType = folder; name = AppStoreReviewPrompt; path = ../AppStoreReviewPrompt; sourceTree = "<group>"; };
		46F9C28B25D137D50017440D /* Cells.swift */ = {isa = PBXFileReference; lastKnownFileType = sourcecode.swift; path = Cells.swift; sourceTree = "<group>"; };
		993843B7285633D900FA7631 /* ShiChenExtension Watch.appex */ = {isa = PBXFileReference; explicitFileType = "wrapper.app-extension"; includeInIndex = 0; path = "ShiChenExtension Watch.appex"; sourceTree = BUILT_PRODUCTS_DIR; };
		993843B8285633D900FA7631 /* ShiChenExtension copy-Info.plist */ = {isa = PBXFileReference; lastKnownFileType = text.plist.xml; name = "ShiChenExtension copy-Info.plist"; path = "/Users/xiangyu.sun/TianganDizhi/ShiChenExtension copy-Info.plist"; sourceTree = "<absolute>"; };
		993843BD285636B800FA7631 /* ShiChenEntryView.swift */ = {isa = PBXFileReference; lastKnownFileType = sourcecode.swift; path = ShiChenEntryView.swift; sourceTree = "<group>"; };
		993843C128563CD200FA7631 /* ShiChenYearMonthDateEntryView.swift */ = {isa = PBXFileReference; lastKnownFileType = sourcecode.swift; path = ShiChenYearMonthDateEntryView.swift; sourceTree = "<group>"; };
		994D37522864BFF200A9C99E /* FullDateTitleView.swift */ = {isa = PBXFileReference; lastKnownFileType = sourcecode.swift; path = FullDateTitleView.swift; sourceTree = "<group>"; };
/* End PBXFileReference section */

/* Begin PBXFrameworksBuildPhase section */
		462A5F6124FFE5F20032A125 /* Frameworks */ = {
			isa = PBXFrameworksBuildPhase;
			buildActionMask = 2147483647;
			files = (
				462A5F6824FFE5F20032A125 /* SwiftUI.framework in Frameworks */,
				4690D63225C02948008D9D1B /* ChineseAstrologyCalendar in Frameworks */,
				462A5F6624FFE5F20032A125 /* WidgetKit.framework in Frameworks */,
			);
			runOnlyForDeploymentPostprocessing = 0;
		};
		46701E02271B2A0900D6D322 /* Frameworks */ = {
			isa = PBXFrameworksBuildPhase;
			buildActionMask = 2147483647;
			files = (
				46701E2B271B2CBA00D6D322 /* ChineseAstrologyCalendar in Frameworks */,
			);
			runOnlyForDeploymentPostprocessing = 0;
		};
		46AB55C4242B5EFD00F6604A /* Frameworks */ = {
			isa = PBXFrameworksBuildPhase;
			buildActionMask = 2147483647;
			files = (
				46B2423825B3250D00B17A4A /* ChineseAstrologyCalendar in Frameworks */,
				46339FF025029C64007D4137 /* JingluoShuxue in Frameworks */,
				460EE4DB270211EA0006A7D3 /* FirebaseAnalytics in Frameworks */,
				46F9C28525D137020017440D /* ChineseTranditionalMusicCore in Frameworks */,
			);
			runOnlyForDeploymentPostprocessing = 0;
		};
		46AB55DA242B5EFF00F6604A /* Frameworks */ = {
			isa = PBXFrameworksBuildPhase;
			buildActionMask = 2147483647;
			files = (
			);
			runOnlyForDeploymentPostprocessing = 0;
		};
		46AB55E5242B5EFF00F6604A /* Frameworks */ = {
			isa = PBXFrameworksBuildPhase;
			buildActionMask = 2147483647;
			files = (
			);
			runOnlyForDeploymentPostprocessing = 0;
		};
		993843AD285633D900FA7631 /* Frameworks */ = {
			isa = PBXFrameworksBuildPhase;
			buildActionMask = 2147483647;
			files = (
				993843AE285633D900FA7631 /* SwiftUI.framework in Frameworks */,
				993843AF285633D900FA7631 /* ChineseAstrologyCalendar in Frameworks */,
				993843B0285633D900FA7631 /* WidgetKit.framework in Frameworks */,
			);
			runOnlyForDeploymentPostprocessing = 0;
		};
/* End PBXFrameworksBuildPhase section */

/* Begin PBXGroup section */
		460BA9A826F24C400025CA39 /* Knowledge */ = {
			isa = PBXGroup;
			children = (
				46339FE825028279007D4137 /* KnowledgeView.swift */,
				46AB55FC242B5F7100F6604A /* DizhiListView.swift */,
				46EF7F7D271077AE007030CC /* JieqiListView.swift */,
				46EF7F7F27107968007030CC /* JieqiCell.swift */,
				46E055A424AF2B3A00AC2AE5 /* TianganListView.swift */,
				46F9C28B25D137D50017440D /* Cells.swift */,
			);
			path = Knowledge;
			sourceTree = "<group>";
		};
		462A5F6924FFE5F20032A125 /* ShiChen */ = {
			isa = PBXGroup;
			children = (
				462A5F6A24FFE5F20032A125 /* ShiChen.swift */,
				994D37522864BFF200A9C99E /* FullDateTitleView.swift */,
				993843BD285636B800FA7631 /* ShiChenEntryView.swift */,
				993843C128563CD200FA7631 /* ShiChenYearMonthDateEntryView.swift */,
				46701E2C271B2E7E00D6D322 /* CompactShichenView.swift */,
				46393EE72542F57900E40518 /* ShiChen.intentdefinition */,
				46B79CB32542F017003C0B7F /* InfoPlist.strings */,
				462A5F6D24FFE5F20032A125 /* Assets.xcassets */,
				462A5F6F24FFE5F20032A125 /* Info.plist */,
			);
			path = ShiChen;
			sourceTree = "<group>";
		};
		46701DFE271B2A0800D6D322 /* Shichen WatchKit App */ = {
			isa = PBXGroup;
			children = (
				46701DFF271B2A0900D6D322 /* Assets.xcassets */,
			);
			path = "Shichen WatchKit App";
			sourceTree = "<group>";
		};
		46701E09271B2A0900D6D322 /* Shichen WatchKit Extension */ = {
			isa = PBXGroup;
			children = (
				46701E0A271B2A0900D6D322 /* TianganDizhiApp.swift */,
				46701E0C271B2A0900D6D322 /* ContentView.swift */,
				46701E0E271B2A0900D6D322 /* NotificationController.swift */,
				46701E10271B2A0900D6D322 /* NotificationView.swift */,
				46701E12271B2A0900D6D322 /* ComplicationController.swift */,
				46701E34271B37E300D6D322 /* ShichenView.swift */,
				46701E38271C1C8800D6D322 /* Emoji+Image.swift */,
				46701E14271B2A0A00D6D322 /* Assets.xcassets */,
				46701E19271B2A0A00D6D322 /* Info.plist */,
				46701E1A271B2A0A00D6D322 /* PushNotificationPayload.apns */,
				46701E16271B2A0A00D6D322 /* Preview Content */,
			);
			path = "Shichen WatchKit Extension";
			sourceTree = "<group>";
		};
		46701E16271B2A0A00D6D322 /* Preview Content */ = {
			isa = PBXGroup;
			children = (
				46701E17271B2A0A00D6D322 /* Preview Assets.xcassets */,
			);
			path = "Preview Content";
			sourceTree = "<group>";
		};
		46AB55BE242B5EFD00F6604A = {
			isa = PBXGroup;
			children = (
				46EF7FA32711D9CD007030CC /* Packages */,
				46339FEC250296BF007D4137 /* ShiChenExtension.entitlements */,
				46AB55C9242B5EFD00F6604A /* TianganDizhi */,
				46AB55E0242B5EFF00F6604A /* TianganDizhiTests */,
				46AB55EB242B5EFF00F6604A /* TianganDizhiUITests */,
				462A5F6924FFE5F20032A125 /* ShiChen */,
				46701DFE271B2A0800D6D322 /* Shichen WatchKit App */,
				46701E09271B2A0900D6D322 /* Shichen WatchKit Extension */,
				46AB5605242B7F6C00F6604A /* Frameworks */,
				46AB55C8242B5EFD00F6604A /* Products */,
				993843B8285633D900FA7631 /* ShiChenExtension copy-Info.plist */,
			);
			sourceTree = "<group>";
		};
		46AB55C8242B5EFD00F6604A /* Products */ = {
			isa = PBXGroup;
			children = (
				46AB55C7242B5EFD00F6604A /* TianganDizhi.app */,
				46AB55DD242B5EFF00F6604A /* TianganDizhiTests.xctest */,
				46AB55E8242B5EFF00F6604A /* TianganDizhiUITests.xctest */,
				462A5F6424FFE5F20032A125 /* ShiChenExtension.appex */,
				46701DF7271B2A0800D6D322 /* Shichen.app */,
				46701DFA271B2A0800D6D322 /* Shichen WatchKit App.app */,
				993843B7285633D900FA7631 /* ShiChenExtension Watch.appex */,
			);
			name = Products;
			sourceTree = "<group>";
		};
		46AB55C9242B5EFD00F6604A /* TianganDizhi */ = {
			isa = PBXGroup;
			children = (
				46AB55CA242B5EFD00F6604A /* AppDelegate.swift */,
				46AB55CC242B5EFD00F6604A /* SceneDelegate.swift */,
				46AB55CE242B5EFD00F6604A /* ContentView.swift */,
				46339FEA25028DB5007D4137 /* MainView.swift */,
				46B79C3F2541F95F003C0B7F /* Environment.swift */,
				468844CF24F54B4600310941 /* Updater.swift */,
				46B7FCE8250620CC008E8D48 /* TimelineScheduler.swift */,
				994190BF285A294700295389 /* Shici */,
				460BA9A826F24C400025CA39 /* Knowledge */,
				994190BE285A28E900295389 /* ShiChenClock */,
				46EF7F8127108A00007030CC /* JieqiCircularView.swift */,
				46EF7F8327108D73007030CC /* JieqiContainerView.swift */,
				46339FE525027DA8007D4137 /* ShichenHStackView.swift */,
				994190C0285A296A00295389 /* Utilities */,
				46B79C0B2541E4B9003C0B7F /* Weibei TC */,
				46AB55D0242B5EFF00F6604A /* Assets.xcassets */,
				46AB55D5242B5EFF00F6604A /* LaunchScreen.storyboard */,
				46AB55D8242B5EFF00F6604A /* Info.plist */,
				46B816882543F42900B051B2 /* GoogleService-Info.plist */,
				46B79CD82542F0AE003C0B7F /* InfoPlist.strings */,
				46AB55D2242B5EFF00F6604A /* Preview Content */,
			);
			path = TianganDizhi;
			sourceTree = "<group>";
		};
		46AB55D2242B5EFF00F6604A /* Preview Content */ = {
			isa = PBXGroup;
			children = (
				46AB55D3242B5EFF00F6604A /* Preview Assets.xcassets */,
			);
			path = "Preview Content";
			sourceTree = "<group>";
		};
		46AB55E0242B5EFF00F6604A /* TianganDizhiTests */ = {
			isa = PBXGroup;
			children = (
				46AB55E1242B5EFF00F6604A /* TianganDizhiTests.swift */,
				46AB55E3242B5EFF00F6604A /* Info.plist */,
			);
			path = TianganDizhiTests;
			sourceTree = "<group>";
		};
		46AB55EB242B5EFF00F6604A /* TianganDizhiUITests */ = {
			isa = PBXGroup;
			children = (
				46B79C332541EB87003C0B7F /* SnapshotHelper.swift */,
				46AB55EC242B5EFF00F6604A /* TianganDizhiUITests.swift */,
				46AB55EE242B5EFF00F6604A /* Info.plist */,
			);
			path = TianganDizhiUITests;
			sourceTree = "<group>";
		};
		46AB5605242B7F6C00F6604A /* Frameworks */ = {
			isa = PBXGroup;
			children = (
				46AB5606242B7F6C00F6604A /* NotificationCenter.framework */,
				462A5F6524FFE5F20032A125 /* WidgetKit.framework */,
				462A5F6724FFE5F20032A125 /* SwiftUI.framework */,
			);
			name = Frameworks;
			sourceTree = "<group>";
		};
		46B79C0B2541E4B9003C0B7F /* Weibei TC */ = {
			isa = PBXGroup;
			children = (
				46B79C0C2541E4B9003C0B7F /* WeibeiTC-Bold.otf */,
			);
			path = "Weibei TC";
			sourceTree = "<group>";
		};
		46EF7FA32711D9CD007030CC /* Packages */ = {
			isa = PBXGroup;
			children = (
				46EF7FA42711D9CD007030CC /* AppStoreReviewPrompt */,
			);
			name = Packages;
			sourceTree = "<group>";
		};
		994190BE285A28E900295389 /* ShiChenClock */ = {
			isa = PBXGroup;
			children = (
				46E055B124B02FA900AC2AE5 /* CircularContainerView.swift */,
				46E055B724B065BD00AC2AE5 /* ShichenView.swift */,
			);
			path = ShiChenClock;
			sourceTree = "<group>";
		};
		994190BF285A294700295389 /* Shici */ = {
			isa = PBXGroup;
			children = (
				460BA9A926F24CA10025CA39 /* ShiciListView.swift */,
				460BA9AB26F24DAD0025CA39 /* ShiciView.swift */,
			);
			path = Shici;
			sourceTree = "<group>";
		};
		994190C0285A296A00295389 /* Utilities */ = {
			isa = PBXGroup;
			children = (
				46339FE225024E85007D4137 /* Styler.swift */,
				46B7FCE625061F81008E8D48 /* ChinesePinyin.swift */,
			);
			path = Utilities;
			sourceTree = "<group>";
		};
/* End PBXGroup section */

/* Begin PBXNativeTarget section */
		462A5F6324FFE5F20032A125 /* ShiChenExtension */ = {
			isa = PBXNativeTarget;
			buildConfigurationList = 462A5F7724FFE5F20032A125 /* Build configuration list for PBXNativeTarget "ShiChenExtension" */;
			buildPhases = (
				462A5F6024FFE5F20032A125 /* Sources */,
				462A5F6124FFE5F20032A125 /* Frameworks */,
				462A5F6224FFE5F20032A125 /* Resources */,
			);
			buildRules = (
			);
			dependencies = (
			);
			name = ShiChenExtension;
			packageProductDependencies = (
				4690D63125C02948008D9D1B /* ChineseAstrologyCalendar */,
			);
			productName = ShiChenExtension;
			productReference = 462A5F6424FFE5F20032A125 /* ShiChenExtension.appex */;
			productType = "com.apple.product-type.app-extension";
		};
		46701DF6271B2A0800D6D322 /* Shichen */ = {
			isa = PBXNativeTarget;
			buildConfigurationList = 46701E25271B2A0A00D6D322 /* Build configuration list for PBXNativeTarget "Shichen" */;
			buildPhases = (
				46701DF5271B2A0800D6D322 /* Resources */,
				46701E1D271B2A0A00D6D322 /* Embed Watch Content */,
			);
			buildRules = (
			);
			dependencies = (
				46701DFD271B2A0800D6D322 /* PBXTargetDependency */,
			);
			name = Shichen;
			productName = Shichen;
			productReference = 46701DF7271B2A0800D6D322 /* Shichen.app */;
			productType = "com.apple.product-type.application.watchapp2-container";
		};
		46701DF9271B2A0800D6D322 /* Shichen WatchKit App */ = {
			isa = PBXNativeTarget;
			buildConfigurationList = 46701E24271B2A0A00D6D322 /* Build configuration list for PBXNativeTarget "Shichen WatchKit App" */;
			buildPhases = (
				46701DF8271B2A0800D6D322 /* Resources */,
				46701E01271B2A0900D6D322 /* Sources */,
				46701E02271B2A0900D6D322 /* Frameworks */,
				993843BC2856346900FA7631 /* Embed Foundation Extensions */,
			);
			buildRules = (
			);
			dependencies = (
				993843BB2856346900FA7631 /* PBXTargetDependency */,
			);
			name = "Shichen WatchKit App";
			productName = "Shichen WatchKit App";
			productReference = 46701DFA271B2A0800D6D322 /* Shichen WatchKit App.app */;
			productType = "com.apple.product-type.application";
		};
		46AB55C6242B5EFD00F6604A /* TianganDizhi */ = {
			isa = PBXNativeTarget;
			buildConfigurationList = 46AB55F1242B5EFF00F6604A /* Build configuration list for PBXNativeTarget "TianganDizhi" */;
			buildPhases = (
				46AB55C3242B5EFD00F6604A /* Sources */,
				46AB55C4242B5EFD00F6604A /* Frameworks */,
				46AB55C5242B5EFD00F6604A /* Resources */,
				46AB5615242B7F6C00F6604A /* Embed Foundation Extensions */,
			);
			buildRules = (
			);
			dependencies = (
				462A5F7324FFE5F20032A125 /* PBXTargetDependency */,
			);
			name = TianganDizhi;
			packageProductDependencies = (
				46339FEF25029C64007D4137 /* JingluoShuxue */,
				46B2423725B3250D00B17A4A /* ChineseAstrologyCalendar */,
				46F9C28425D137020017440D /* ChineseTranditionalMusicCore */,
				460EE4DA270211EA0006A7D3 /* FirebaseAnalytics */,
			);
			productName = TianganDizhi;
			productReference = 46AB55C7242B5EFD00F6604A /* TianganDizhi.app */;
			productType = "com.apple.product-type.application";
		};
		46AB55DC242B5EFF00F6604A /* TianganDizhiTests */ = {
			isa = PBXNativeTarget;
			buildConfigurationList = 46AB55F4242B5EFF00F6604A /* Build configuration list for PBXNativeTarget "TianganDizhiTests" */;
			buildPhases = (
				46AB55D9242B5EFF00F6604A /* Sources */,
				46AB55DA242B5EFF00F6604A /* Frameworks */,
				46AB55DB242B5EFF00F6604A /* Resources */,
			);
			buildRules = (
			);
			dependencies = (
				46AB55DF242B5EFF00F6604A /* PBXTargetDependency */,
			);
			name = TianganDizhiTests;
			productName = TianganDizhiTests;
			productReference = 46AB55DD242B5EFF00F6604A /* TianganDizhiTests.xctest */;
			productType = "com.apple.product-type.bundle.unit-test";
		};
		46AB55E7242B5EFF00F6604A /* TianganDizhiUITests */ = {
			isa = PBXNativeTarget;
			buildConfigurationList = 46AB55F7242B5EFF00F6604A /* Build configuration list for PBXNativeTarget "TianganDizhiUITests" */;
			buildPhases = (
				46AB55E4242B5EFF00F6604A /* Sources */,
				46AB55E5242B5EFF00F6604A /* Frameworks */,
				46AB55E6242B5EFF00F6604A /* Resources */,
			);
			buildRules = (
			);
			dependencies = (
				46AB55EA242B5EFF00F6604A /* PBXTargetDependency */,
			);
			name = TianganDizhiUITests;
			productName = TianganDizhiUITests;
			productReference = 46AB55E8242B5EFF00F6604A /* TianganDizhiUITests.xctest */;
			productType = "com.apple.product-type.bundle.ui-testing";
		};
		993843A0285633D900FA7631 /* ShiChenExtension Watch */ = {
			isa = PBXNativeTarget;
			buildConfigurationList = 993843B4285633D900FA7631 /* Build configuration list for PBXNativeTarget "ShiChenExtension Watch" */;
			buildPhases = (
				993843A3285633D900FA7631 /* Sources */,
				993843AD285633D900FA7631 /* Frameworks */,
				993843B1285633D900FA7631 /* Resources */,
			);
			buildRules = (
			);
			dependencies = (
			);
			name = "ShiChenExtension Watch";
			packageProductDependencies = (
				993843A1285633D900FA7631 /* ChineseAstrologyCalendar */,
			);
			productName = ShiChenExtension;
			productReference = 993843B7285633D900FA7631 /* ShiChenExtension Watch.appex */;
			productType = "com.apple.product-type.app-extension";
		};
/* End PBXNativeTarget section */

/* Begin PBXProject section */
		46AB55BF242B5EFD00F6604A /* Project object */ = {
			isa = PBXProject;
			attributes = {
				LastSwiftUpdateCheck = 1300;
				LastUpgradeCheck = 1400;
				ORGANIZATIONNAME = "孙翔宇";
				TargetAttributes = {
					462A5F6324FFE5F20032A125 = {
						CreatedOnToolsVersion = 12.0;
					};
					46701DF6271B2A0800D6D322 = {
						CreatedOnToolsVersion = 13.0;
					};
					46701DF9271B2A0800D6D322 = {
						CreatedOnToolsVersion = 13.0;
					};
					46AB55C6242B5EFD00F6604A = {
						CreatedOnToolsVersion = 11.3.1;
					};
					46AB55DC242B5EFF00F6604A = {
						CreatedOnToolsVersion = 11.3.1;
						TestTargetID = 46AB55C6242B5EFD00F6604A;
					};
					46AB55E7242B5EFF00F6604A = {
						CreatedOnToolsVersion = 11.3.1;
						TestTargetID = 46AB55C6242B5EFD00F6604A;
					};
				};
			};
			buildConfigurationList = 46AB55C2242B5EFD00F6604A /* Build configuration list for PBXProject "TianganDizhi" */;
			compatibilityVersion = "Xcode 9.3";
			developmentRegion = en;
			hasScannedForEncodings = 0;
			knownRegions = (
				en,
				Base,
				"zh-Hant",
				"zh-Hans",
			);
			mainGroup = 46AB55BE242B5EFD00F6604A;
			packageReferences = (
				46339FEE25029C64007D4137 /* XCRemoteSwiftPackageReference "JingluoShuxueCore" */,
				46B2423625B3250D00B17A4A /* XCRemoteSwiftPackageReference "ChineseAstrologyCalendar" */,
				46F9C28325D137020017440D /* XCRemoteSwiftPackageReference "ChineseTranditionalMusicCore" */,
				460EE4D9270211EA0006A7D3 /* XCRemoteSwiftPackageReference "firebase-ios-sdk" */,
			);
			productRefGroup = 46AB55C8242B5EFD00F6604A /* Products */;
			projectDirPath = "";
			projectRoot = "";
			targets = (
				46AB55C6242B5EFD00F6604A /* TianganDizhi */,
				46AB55DC242B5EFF00F6604A /* TianganDizhiTests */,
				46AB55E7242B5EFF00F6604A /* TianganDizhiUITests */,
				462A5F6324FFE5F20032A125 /* ShiChenExtension */,
				46701DF6271B2A0800D6D322 /* Shichen */,
				46701DF9271B2A0800D6D322 /* Shichen WatchKit App */,
				993843A0285633D900FA7631 /* ShiChenExtension Watch */,
			);
		};
/* End PBXProject section */

/* Begin PBXResourcesBuildPhase section */
		462A5F6224FFE5F20032A125 /* Resources */ = {
			isa = PBXResourcesBuildPhase;
			buildActionMask = 2147483647;
			files = (
				46B79C0E2541E4B9003C0B7F /* WeibeiTC-Bold.otf in Resources */,
				462A5F6E24FFE5F20032A125 /* Assets.xcassets in Resources */,
			);
			runOnlyForDeploymentPostprocessing = 0;
		};
		46701DF5271B2A0800D6D322 /* Resources */ = {
			isa = PBXResourcesBuildPhase;
			buildActionMask = 2147483647;
			files = (
			);
			runOnlyForDeploymentPostprocessing = 0;
		};
		46701DF8271B2A0800D6D322 /* Resources */ = {
			isa = PBXResourcesBuildPhase;
			buildActionMask = 2147483647;
			files = (
				46701E37271B3B8A00D6D322 /* WeibeiTC-Bold.otf in Resources */,
				46701E18271B2A0A00D6D322 /* Preview Assets.xcassets in Resources */,
				46701E15271B2A0A00D6D322 /* Assets.xcassets in Resources */,
				46701E00271B2A0900D6D322 /* Assets.xcassets in Resources */,
			);
			runOnlyForDeploymentPostprocessing = 0;
		};
		46AB55C5242B5EFD00F6604A /* Resources */ = {
			isa = PBXResourcesBuildPhase;
			buildActionMask = 2147483647;
			files = (
				46AB55D7242B5EFF00F6604A /* LaunchScreen.storyboard in Resources */,
				46B79CD62542F0AE003C0B7F /* InfoPlist.strings in Resources */,
				46B79C0D2541E4B9003C0B7F /* WeibeiTC-Bold.otf in Resources */,
				46AB55D4242B5EFF00F6604A /* Preview Assets.xcassets in Resources */,
				46AB55D1242B5EFF00F6604A /* Assets.xcassets in Resources */,
				46B816892543F42900B051B2 /* GoogleService-Info.plist in Resources */,
			);
			runOnlyForDeploymentPostprocessing = 0;
		};
		46AB55DB242B5EFF00F6604A /* Resources */ = {
			isa = PBXResourcesBuildPhase;
			buildActionMask = 2147483647;
			files = (
			);
			runOnlyForDeploymentPostprocessing = 0;
		};
		46AB55E6242B5EFF00F6604A /* Resources */ = {
			isa = PBXResourcesBuildPhase;
			buildActionMask = 2147483647;
			files = (
			);
			runOnlyForDeploymentPostprocessing = 0;
		};
		993843B1285633D900FA7631 /* Resources */ = {
			isa = PBXResourcesBuildPhase;
			buildActionMask = 2147483647;
			files = (
				993843B2285633D900FA7631 /* WeibeiTC-Bold.otf in Resources */,
				993843B3285633D900FA7631 /* Assets.xcassets in Resources */,
			);
			runOnlyForDeploymentPostprocessing = 0;
		};
/* End PBXResourcesBuildPhase section */

/* Begin PBXSourcesBuildPhase section */
		462A5F6024FFE5F20032A125 /* Sources */ = {
			isa = PBXSourcesBuildPhase;
			buildActionMask = 2147483647;
			files = (
				994D37542864C05200A9C99E /* FullDateTitleView.swift in Sources */,
				462A5F6B24FFE5F20032A125 /* ShiChen.swift in Sources */,
				993843C328563D0300FA7631 /* ShiChenYearMonthDateEntryView.swift in Sources */,
				46B79C462541F962003C0B7F /* Environment.swift in Sources */,
				993843BF285636DB00FA7631 /* ShiChenEntryView.swift in Sources */,
				46339FE425024F2B007D4137 /* Styler.swift in Sources */,
				46393EE52542F57900E40518 /* ShiChen.intentdefinition in Sources */,
				46339FDD2500EA60007D4137 /* ShichenView.swift in Sources */,
				46339FE725027E6F007D4137 /* ShichenHStackView.swift in Sources */,
				46339FDC2500EA41007D4137 /* CircularContainerView.swift in Sources */,
				46701E2E271B2EDA00D6D322 /* CompactShichenView.swift in Sources */,
				46B7FCEA250630DE008E8D48 /* TimelineScheduler.swift in Sources */,
			);
			runOnlyForDeploymentPostprocessing = 0;
		};
		46701E01271B2A0900D6D322 /* Sources */ = {
			isa = PBXSourcesBuildPhase;
			buildActionMask = 2147483647;
			files = (
				46701E35271B37E300D6D322 /* ShichenView.swift in Sources */,
				46701E0F271B2A0900D6D322 /* NotificationController.swift in Sources */,
				46701E31271B308D00D6D322 /* Styler.swift in Sources */,
				46701E32271B31AA00D6D322 /* ShichenHStackView.swift in Sources */,
				46701E0D271B2A0900D6D322 /* ContentView.swift in Sources */,
				46701E30271B303300D6D322 /* Environment.swift in Sources */,
				46701E39271C1C8800D6D322 /* Emoji+Image.swift in Sources */,
				46701E13271B2A0900D6D322 /* ComplicationController.swift in Sources */,
				46701E0B271B2A0900D6D322 /* TianganDizhiApp.swift in Sources */,
				46701E11271B2A0900D6D322 /* NotificationView.swift in Sources */,
			);
			runOnlyForDeploymentPostprocessing = 0;
		};
		46AB55C3242B5EFD00F6604A /* Sources */ = {
			isa = PBXSourcesBuildPhase;
			buildActionMask = 2147483647;
			files = (
				46EF7F8027107968007030CC /* JieqiCell.swift in Sources */,
				46E055B824B065BD00AC2AE5 /* ShichenView.swift in Sources */,
				46B79C402541F95F003C0B7F /* Environment.swift in Sources */,
				46339FEB25028DB5007D4137 /* MainView.swift in Sources */,
				46EF7F8427108D73007030CC /* JieqiContainerView.swift in Sources */,
				46393EE42542F57900E40518 /* ShiChen.intentdefinition in Sources */,
				46AB55CB242B5EFD00F6604A /* AppDelegate.swift in Sources */,
				46E055B224B02FA900AC2AE5 /* CircularContainerView.swift in Sources */,
				46F9C28C25D137D50017440D /* Cells.swift in Sources */,
				46B7FCE9250620CC008E8D48 /* TimelineScheduler.swift in Sources */,
				46E055A524AF2B3A00AC2AE5 /* TianganListView.swift in Sources */,
				46AB55CD242B5EFD00F6604A /* SceneDelegate.swift in Sources */,
				46339FE925028279007D4137 /* KnowledgeView.swift in Sources */,
				460BA9AC26F24DAD0025CA39 /* ShiciView.swift in Sources */,
				468844D024F54B4600310941 /* Updater.swift in Sources */,
				46339FE325024E85007D4137 /* Styler.swift in Sources */,
				460BA9AA26F24CA10025CA39 /* ShiciListView.swift in Sources */,
				46EF7F8227108A00007030CC /* JieqiCircularView.swift in Sources */,
				46EF7F7E271077AE007030CC /* JieqiListView.swift in Sources */,
				46B7FCE725061F81008E8D48 /* ChinesePinyin.swift in Sources */,
				46339FE625027DA8007D4137 /* ShichenHStackView.swift in Sources */,
				46AB55CF242B5EFD00F6604A /* ContentView.swift in Sources */,
				46AB55FD242B5F7100F6604A /* DizhiListView.swift in Sources */,
			);
			runOnlyForDeploymentPostprocessing = 0;
		};
		46AB55D9242B5EFF00F6604A /* Sources */ = {
			isa = PBXSourcesBuildPhase;
			buildActionMask = 2147483647;
			files = (
				46AB55E2242B5EFF00F6604A /* TianganDizhiTests.swift in Sources */,
			);
			runOnlyForDeploymentPostprocessing = 0;
		};
		46AB55E4242B5EFF00F6604A /* Sources */ = {
			isa = PBXSourcesBuildPhase;
			buildActionMask = 2147483647;
			files = (
				46AB55ED242B5EFF00F6604A /* TianganDizhiUITests.swift in Sources */,
				46B79C342541EB87003C0B7F /* SnapshotHelper.swift in Sources */,
			);
			runOnlyForDeploymentPostprocessing = 0;
		};
		993843A3285633D900FA7631 /* Sources */ = {
			isa = PBXSourcesBuildPhase;
			buildActionMask = 2147483647;
			files = (
				994D37552864C05300A9C99E /* FullDateTitleView.swift in Sources */,
				993843A4285633D900FA7631 /* ShiChen.swift in Sources */,
				993843C428563D0400FA7631 /* ShiChenYearMonthDateEntryView.swift in Sources */,
				993843A5285633D900FA7631 /* Environment.swift in Sources */,
				993843C0285636DC00FA7631 /* ShiChenEntryView.swift in Sources */,
				993843A6285633D900FA7631 /* Styler.swift in Sources */,
				993843A7285633D900FA7631 /* ShiChen.intentdefinition in Sources */,
				993843A8285633D900FA7631 /* ShichenView.swift in Sources */,
				993843A9285633D900FA7631 /* ShichenHStackView.swift in Sources */,
				993843AA285633D900FA7631 /* CircularContainerView.swift in Sources */,
				993843AB285633D900FA7631 /* CompactShichenView.swift in Sources */,
				993843AC285633D900FA7631 /* TimelineScheduler.swift in Sources */,
			);
			runOnlyForDeploymentPostprocessing = 0;
		};
/* End PBXSourcesBuildPhase section */

/* Begin PBXTargetDependency section */
		462A5F7324FFE5F20032A125 /* PBXTargetDependency */ = {
			isa = PBXTargetDependency;
			target = 462A5F6324FFE5F20032A125 /* ShiChenExtension */;
			targetProxy = 462A5F7224FFE5F20032A125 /* PBXContainerItemProxy */;
		};
		46701DFD271B2A0800D6D322 /* PBXTargetDependency */ = {
			isa = PBXTargetDependency;
			target = 46701DF9271B2A0800D6D322 /* Shichen WatchKit App */;
			targetProxy = 46701DFC271B2A0800D6D322 /* PBXContainerItemProxy */;
		};
		46AB55DF242B5EFF00F6604A /* PBXTargetDependency */ = {
			isa = PBXTargetDependency;
			target = 46AB55C6242B5EFD00F6604A /* TianganDizhi */;
			targetProxy = 46AB55DE242B5EFF00F6604A /* PBXContainerItemProxy */;
		};
		46AB55EA242B5EFF00F6604A /* PBXTargetDependency */ = {
			isa = PBXTargetDependency;
			target = 46AB55C6242B5EFD00F6604A /* TianganDizhi */;
			targetProxy = 46AB55E9242B5EFF00F6604A /* PBXContainerItemProxy */;
		};
		993843BB2856346900FA7631 /* PBXTargetDependency */ = {
			isa = PBXTargetDependency;
			target = 993843A0285633D900FA7631 /* ShiChenExtension Watch */;
			targetProxy = 993843BA2856346900FA7631 /* PBXContainerItemProxy */;
		};
/* End PBXTargetDependency section */

/* Begin PBXVariantGroup section */
		46393EE72542F57900E40518 /* ShiChen.intentdefinition */ = {
			isa = PBXVariantGroup;
			children = (
				46393EE62542F57900E40518 /* Base */,
				46393EEE2542F57F00E40518 /* zh-Hans */,
				46393EF52542F58000E40518 /* zh-Hant */,
			);
			name = ShiChen.intentdefinition;
			sourceTree = "<group>";
		};
		46AB55D5242B5EFF00F6604A /* LaunchScreen.storyboard */ = {
			isa = PBXVariantGroup;
			children = (
				46AB55D6242B5EFF00F6604A /* Base */,
				46B79C5625420BC9003C0B7F /* zh-Hant */,
				46B79C7125420C5C003C0B7F /* zh-Hans */,
			);
			name = LaunchScreen.storyboard;
			sourceTree = "<group>";
		};
		46B79CB32542F017003C0B7F /* InfoPlist.strings */ = {
			isa = PBXVariantGroup;
			children = (
				46B79CB22542F017003C0B7F /* zh-Hans */,
				46B79CB92542F019003C0B7F /* zh-Hant */,
			);
			name = InfoPlist.strings;
			sourceTree = "<group>";
		};
		46B79CD82542F0AE003C0B7F /* InfoPlist.strings */ = {
			isa = PBXVariantGroup;
			children = (
				46B79CD72542F0AE003C0B7F /* zh-Hans */,
				46B79CDE2542F0B3003C0B7F /* zh-Hant */,
			);
			name = InfoPlist.strings;
			sourceTree = "<group>";
		};
/* End PBXVariantGroup section */

/* Begin XCBuildConfiguration section */
		462A5F7524FFE5F20032A125 /* Debug */ = {
			isa = XCBuildConfiguration;
			buildSettings = {
				ASSETCATALOG_COMPILER_GLOBAL_ACCENT_COLOR_NAME = AccentColor;
				ASSETCATALOG_COMPILER_WIDGET_BACKGROUND_COLOR_NAME = WidgetBackground;
				CLANG_WARN_QUOTED_INCLUDE_IN_FRAMEWORK_HEADER = YES;
				CODE_SIGN_ENTITLEMENTS = ShiChenExtension.entitlements;
				CODE_SIGN_STYLE = Automatic;
				CURRENT_PROJECT_VERSION = 1;
				DEVELOPMENT_TEAM = 46S3S784AR;
				INFOPLIST_FILE = ShiChen/Info.plist;
				IPHONEOS_DEPLOYMENT_TARGET = 16.0;
				LD_RUNPATH_SEARCH_PATHS = (
					"$(inherited)",
					"@executable_path/Frameworks",
					"@executable_path/../../Frameworks",
				);
				MARKETING_VERSION = 1.3.0;
				PRODUCT_BUNDLE_IDENTIFIER = com.uriphium.TianganDizhi.ShiChen;
				PRODUCT_NAME = "$(TARGET_NAME)";
				SKIP_INSTALL = YES;
				SUPPORTS_MACCATALYST = NO;
				SWIFT_VERSION = 5.0;
				TARGETED_DEVICE_FAMILY = "1,2";
				VERSIONING_SYSTEM = "apple-generic";
			};
			name = Debug;
		};
		462A5F7624FFE5F20032A125 /* Release */ = {
			isa = XCBuildConfiguration;
			buildSettings = {
				ASSETCATALOG_COMPILER_GLOBAL_ACCENT_COLOR_NAME = AccentColor;
				ASSETCATALOG_COMPILER_WIDGET_BACKGROUND_COLOR_NAME = WidgetBackground;
				CLANG_WARN_QUOTED_INCLUDE_IN_FRAMEWORK_HEADER = YES;
				CODE_SIGN_ENTITLEMENTS = ShiChenExtension.entitlements;
				CODE_SIGN_STYLE = Automatic;
				CURRENT_PROJECT_VERSION = 1;
				DEVELOPMENT_TEAM = 46S3S784AR;
				INFOPLIST_FILE = ShiChen/Info.plist;
				IPHONEOS_DEPLOYMENT_TARGET = 16.0;
				LD_RUNPATH_SEARCH_PATHS = (
					"$(inherited)",
					"@executable_path/Frameworks",
					"@executable_path/../../Frameworks",
				);
				MARKETING_VERSION = 1.3.0;
				PRODUCT_BUNDLE_IDENTIFIER = com.uriphium.TianganDizhi.ShiChen;
				PRODUCT_NAME = "$(TARGET_NAME)";
				SKIP_INSTALL = YES;
				SUPPORTS_MACCATALYST = NO;
				SWIFT_VERSION = 5.0;
				TARGETED_DEVICE_FAMILY = "1,2";
				VERSIONING_SYSTEM = "apple-generic";
			};
			name = Release;
		};
		46701E1B271B2A0A00D6D322 /* Debug */ = {
			isa = XCBuildConfiguration;
			buildSettings = {
				CLANG_CXX_LANGUAGE_STANDARD = "gnu++17";
				CODE_SIGN_STYLE = Automatic;
				CURRENT_PROJECT_VERSION = 1;
				DEVELOPMENT_TEAM = 46S3S784AR;
				MARKETING_VERSION = 1.0;
				PRODUCT_BUNDLE_IDENTIFIER = com.uriphium.Shichen;
				PRODUCT_NAME = "$(TARGET_NAME)";
				SWIFT_VERSION = 5.0;
			};
			name = Debug;
		};
		46701E1C271B2A0A00D6D322 /* Release */ = {
			isa = XCBuildConfiguration;
			buildSettings = {
				CLANG_CXX_LANGUAGE_STANDARD = "gnu++17";
				CODE_SIGN_STYLE = Automatic;
				CURRENT_PROJECT_VERSION = 1;
				DEVELOPMENT_TEAM = 46S3S784AR;
				MARKETING_VERSION = 1.0;
				PRODUCT_BUNDLE_IDENTIFIER = com.uriphium.Shichen;
				PRODUCT_NAME = "$(TARGET_NAME)";
				SWIFT_VERSION = 5.0;
			};
			name = Release;
		};
		46701E1E271B2A0A00D6D322 /* Debug */ = {
			isa = XCBuildConfiguration;
			buildSettings = {
				ALWAYS_EMBED_SWIFT_STANDARD_LIBRARIES = YES;
				ASSETCATALOG_COMPILER_APPICON_NAME = AppIcon;
				ASSETCATALOG_COMPILER_COMPLICATION_NAME = Complication;
				ASSETCATALOG_COMPILER_GLOBAL_ACCENT_COLOR_NAME = AccentColor;
				CLANG_CXX_LANGUAGE_STANDARD = "gnu++17";
				CODE_SIGN_STYLE = Automatic;
				CURRENT_PROJECT_VERSION = 1;
				DEVELOPMENT_TEAM = 46S3S784AR;
				GENERATE_INFOPLIST_FILE = YES;
				INFOPLIST_KEY_CFBundleDisplayName = "Shichen WatchKit App";
				INFOPLIST_KEY_CLKComplicationPrincipalClass = "$(PRODUCT_MODULE_NAME).ComplicationController";
				INFOPLIST_KEY_UISupportedInterfaceOrientations = "UIInterfaceOrientationPortrait UIInterfaceOrientationPortraitUpsideDown";
				INFOPLIST_KEY_WKWatchOnly = YES;
				LD_RUNPATH_SEARCH_PATHS = (
					"@executable_path/Frameworks",
					"@executable_path/../../Frameworks",
				);
				MARKETING_VERSION = 1.0;
				PRODUCT_BUNDLE_IDENTIFIER = com.uriphium.Shichen.watchkitapp;
				PRODUCT_NAME = "$(TARGET_NAME)";
				SDKROOT = watchos;
				SKIP_INSTALL = YES;
				SWIFT_EMIT_LOC_STRINGS = YES;
				SWIFT_VERSION = 5.0;
				TARGETED_DEVICE_FAMILY = 4;
				WATCHOS_DEPLOYMENT_TARGET = 7.0;
			};
			name = Debug;
		};
		46701E1F271B2A0A00D6D322 /* Release */ = {
			isa = XCBuildConfiguration;
			buildSettings = {
				ALWAYS_EMBED_SWIFT_STANDARD_LIBRARIES = YES;
				ASSETCATALOG_COMPILER_APPICON_NAME = AppIcon;
				ASSETCATALOG_COMPILER_COMPLICATION_NAME = Complication;
				ASSETCATALOG_COMPILER_GLOBAL_ACCENT_COLOR_NAME = AccentColor;
				CLANG_CXX_LANGUAGE_STANDARD = "gnu++17";
				CODE_SIGN_STYLE = Automatic;
				CURRENT_PROJECT_VERSION = 1;
				DEVELOPMENT_TEAM = 46S3S784AR;
				GENERATE_INFOPLIST_FILE = YES;
				INFOPLIST_KEY_CFBundleDisplayName = "Shichen WatchKit App";
				INFOPLIST_KEY_CLKComplicationPrincipalClass = "$(PRODUCT_MODULE_NAME).ComplicationController";
				INFOPLIST_KEY_UISupportedInterfaceOrientations = "UIInterfaceOrientationPortrait UIInterfaceOrientationPortraitUpsideDown";
				INFOPLIST_KEY_WKWatchOnly = YES;
				LD_RUNPATH_SEARCH_PATHS = (
					"@executable_path/Frameworks",
					"@executable_path/../../Frameworks",
				);
				MARKETING_VERSION = 1.0;
				PRODUCT_BUNDLE_IDENTIFIER = com.uriphium.Shichen.watchkitapp;
				PRODUCT_NAME = "$(TARGET_NAME)";
				SDKROOT = watchos;
				SKIP_INSTALL = YES;
				SWIFT_EMIT_LOC_STRINGS = YES;
				SWIFT_VERSION = 5.0;
				TARGETED_DEVICE_FAMILY = 4;
				WATCHOS_DEPLOYMENT_TARGET = 7.0;
			};
			name = Release;
		};
		46AB55EF242B5EFF00F6604A /* Debug */ = {
			isa = XCBuildConfiguration;
			buildSettings = {
				ALWAYS_SEARCH_USER_PATHS = NO;
				CLANG_ANALYZER_LOCALIZABILITY_NONLOCALIZED = YES;
				CLANG_ANALYZER_NONNULL = YES;
				CLANG_ANALYZER_NUMBER_OBJECT_CONVERSION = YES_AGGRESSIVE;
				CLANG_CXX_LANGUAGE_STANDARD = "gnu++14";
				CLANG_CXX_LIBRARY = "libc++";
				CLANG_ENABLE_MODULES = YES;
				CLANG_ENABLE_OBJC_ARC = YES;
				CLANG_ENABLE_OBJC_WEAK = YES;
				CLANG_WARN_BLOCK_CAPTURE_AUTORELEASING = YES;
				CLANG_WARN_BOOL_CONVERSION = YES;
				CLANG_WARN_COMMA = YES;
				CLANG_WARN_CONSTANT_CONVERSION = YES;
				CLANG_WARN_DEPRECATED_OBJC_IMPLEMENTATIONS = YES;
				CLANG_WARN_DIRECT_OBJC_ISA_USAGE = YES_ERROR;
				CLANG_WARN_DOCUMENTATION_COMMENTS = YES;
				CLANG_WARN_EMPTY_BODY = YES;
				CLANG_WARN_ENUM_CONVERSION = YES;
				CLANG_WARN_INFINITE_RECURSION = YES;
				CLANG_WARN_INT_CONVERSION = YES;
				CLANG_WARN_NON_LITERAL_NULL_CONVERSION = YES;
				CLANG_WARN_OBJC_IMPLICIT_RETAIN_SELF = YES;
				CLANG_WARN_OBJC_LITERAL_CONVERSION = YES;
				CLANG_WARN_OBJC_ROOT_CLASS = YES_ERROR;
				CLANG_WARN_QUOTED_INCLUDE_IN_FRAMEWORK_HEADER = YES;
				CLANG_WARN_RANGE_LOOP_ANALYSIS = YES;
				CLANG_WARN_STRICT_PROTOTYPES = YES;
				CLANG_WARN_SUSPICIOUS_MOVE = YES;
				CLANG_WARN_UNGUARDED_AVAILABILITY = YES_AGGRESSIVE;
				CLANG_WARN_UNREACHABLE_CODE = YES;
				CLANG_WARN__DUPLICATE_METHOD_MATCH = YES;
				COPY_PHASE_STRIP = NO;
				DEBUG_INFORMATION_FORMAT = dwarf;
				ENABLE_STRICT_OBJC_MSGSEND = YES;
				ENABLE_TESTABILITY = YES;
				GCC_C_LANGUAGE_STANDARD = gnu11;
				GCC_DYNAMIC_NO_PIC = NO;
				GCC_NO_COMMON_BLOCKS = YES;
				GCC_OPTIMIZATION_LEVEL = 0;
				GCC_PREPROCESSOR_DEFINITIONS = (
					"DEBUG=1",
					"$(inherited)",
				);
				GCC_WARN_64_TO_32_BIT_CONVERSION = YES;
				GCC_WARN_ABOUT_RETURN_TYPE = YES_ERROR;
				GCC_WARN_UNDECLARED_SELECTOR = YES;
				GCC_WARN_UNINITIALIZED_AUTOS = YES_AGGRESSIVE;
				GCC_WARN_UNUSED_FUNCTION = YES;
				GCC_WARN_UNUSED_VARIABLE = YES;
				IPHONEOS_DEPLOYMENT_TARGET = 15.0;
				MTL_ENABLE_DEBUG_INFO = INCLUDE_SOURCE;
				MTL_FAST_MATH = YES;
				ONLY_ACTIVE_ARCH = YES;
				SDKROOT = iphoneos;
				SWIFT_ACTIVE_COMPILATION_CONDITIONS = DEBUG;
				SWIFT_OPTIMIZATION_LEVEL = "-Onone";
				WATCHOS_DEPLOYMENT_TARGET = 8.0;
			};
			name = Debug;
		};
		46AB55F0242B5EFF00F6604A /* Release */ = {
			isa = XCBuildConfiguration;
			buildSettings = {
				ALWAYS_SEARCH_USER_PATHS = NO;
				CLANG_ANALYZER_LOCALIZABILITY_NONLOCALIZED = YES;
				CLANG_ANALYZER_NONNULL = YES;
				CLANG_ANALYZER_NUMBER_OBJECT_CONVERSION = YES_AGGRESSIVE;
				CLANG_CXX_LANGUAGE_STANDARD = "gnu++14";
				CLANG_CXX_LIBRARY = "libc++";
				CLANG_ENABLE_MODULES = YES;
				CLANG_ENABLE_OBJC_ARC = YES;
				CLANG_ENABLE_OBJC_WEAK = YES;
				CLANG_WARN_BLOCK_CAPTURE_AUTORELEASING = YES;
				CLANG_WARN_BOOL_CONVERSION = YES;
				CLANG_WARN_COMMA = YES;
				CLANG_WARN_CONSTANT_CONVERSION = YES;
				CLANG_WARN_DEPRECATED_OBJC_IMPLEMENTATIONS = YES;
				CLANG_WARN_DIRECT_OBJC_ISA_USAGE = YES_ERROR;
				CLANG_WARN_DOCUMENTATION_COMMENTS = YES;
				CLANG_WARN_EMPTY_BODY = YES;
				CLANG_WARN_ENUM_CONVERSION = YES;
				CLANG_WARN_INFINITE_RECURSION = YES;
				CLANG_WARN_INT_CONVERSION = YES;
				CLANG_WARN_NON_LITERAL_NULL_CONVERSION = YES;
				CLANG_WARN_OBJC_IMPLICIT_RETAIN_SELF = YES;
				CLANG_WARN_OBJC_LITERAL_CONVERSION = YES;
				CLANG_WARN_OBJC_ROOT_CLASS = YES_ERROR;
				CLANG_WARN_QUOTED_INCLUDE_IN_FRAMEWORK_HEADER = YES;
				CLANG_WARN_RANGE_LOOP_ANALYSIS = YES;
				CLANG_WARN_STRICT_PROTOTYPES = YES;
				CLANG_WARN_SUSPICIOUS_MOVE = YES;
				CLANG_WARN_UNGUARDED_AVAILABILITY = YES_AGGRESSIVE;
				CLANG_WARN_UNREACHABLE_CODE = YES;
				CLANG_WARN__DUPLICATE_METHOD_MATCH = YES;
				COPY_PHASE_STRIP = NO;
				DEBUG_INFORMATION_FORMAT = "dwarf-with-dsym";
				ENABLE_NS_ASSERTIONS = NO;
				ENABLE_STRICT_OBJC_MSGSEND = YES;
				GCC_C_LANGUAGE_STANDARD = gnu11;
				GCC_NO_COMMON_BLOCKS = YES;
				GCC_WARN_64_TO_32_BIT_CONVERSION = YES;
				GCC_WARN_ABOUT_RETURN_TYPE = YES_ERROR;
				GCC_WARN_UNDECLARED_SELECTOR = YES;
				GCC_WARN_UNINITIALIZED_AUTOS = YES_AGGRESSIVE;
				GCC_WARN_UNUSED_FUNCTION = YES;
				GCC_WARN_UNUSED_VARIABLE = YES;
				IPHONEOS_DEPLOYMENT_TARGET = 15.0;
				MTL_ENABLE_DEBUG_INFO = NO;
				MTL_FAST_MATH = YES;
				SDKROOT = iphoneos;
				SWIFT_COMPILATION_MODE = wholemodule;
				SWIFT_OPTIMIZATION_LEVEL = "-O";
				VALIDATE_PRODUCT = YES;
				WATCHOS_DEPLOYMENT_TARGET = 8.0;
			};
			name = Release;
		};
		46AB55F2242B5EFF00F6604A /* Debug */ = {
			isa = XCBuildConfiguration;
			buildSettings = {
				ALWAYS_EMBED_SWIFT_STANDARD_LIBRARIES = YES;
				ASSETCATALOG_COMPILER_APPICON_NAME = AppIcon;
				CODE_SIGN_STYLE = Automatic;
				CURRENT_PROJECT_VERSION = 1;
				DEVELOPMENT_ASSET_PATHS = "\"TianganDizhi/Preview Content\"";
				DEVELOPMENT_TEAM = 46S3S784AR;
				ENABLE_PREVIEWS = YES;
				INFOPLIST_FILE = TianganDizhi/Info.plist;
				IPHONEOS_DEPLOYMENT_TARGET = 14.0;
				LD_RUNPATH_SEARCH_PATHS = (
					"$(inherited)",
					"@executable_path/Frameworks",
				);
				MARKETING_VERSION = 1.3.0;
				PRODUCT_BUNDLE_IDENTIFIER = com.uriphium.TianganDizhi;
				PRODUCT_NAME = "$(TARGET_NAME)";
				SWIFT_VERSION = 5.0;
				TARGETED_DEVICE_FAMILY = "1,2";
				VERSIONING_SYSTEM = "apple-generic";
			};
			name = Debug;
		};
		46AB55F3242B5EFF00F6604A /* Release */ = {
			isa = XCBuildConfiguration;
			buildSettings = {
				ALWAYS_EMBED_SWIFT_STANDARD_LIBRARIES = YES;
				ASSETCATALOG_COMPILER_APPICON_NAME = AppIcon;
				CODE_SIGN_STYLE = Automatic;
				CURRENT_PROJECT_VERSION = 1;
				DEVELOPMENT_ASSET_PATHS = "\"TianganDizhi/Preview Content\"";
				DEVELOPMENT_TEAM = 46S3S784AR;
				ENABLE_PREVIEWS = YES;
				INFOPLIST_FILE = TianganDizhi/Info.plist;
				IPHONEOS_DEPLOYMENT_TARGET = 14.0;
				LD_RUNPATH_SEARCH_PATHS = (
					"$(inherited)",
					"@executable_path/Frameworks",
				);
				MARKETING_VERSION = 1.3.0;
				PRODUCT_BUNDLE_IDENTIFIER = com.uriphium.TianganDizhi;
				PRODUCT_NAME = "$(TARGET_NAME)";
				SWIFT_VERSION = 5.0;
				TARGETED_DEVICE_FAMILY = "1,2";
				VERSIONING_SYSTEM = "apple-generic";
			};
			name = Release;
		};
		46AB55F5242B5EFF00F6604A /* Debug */ = {
			isa = XCBuildConfiguration;
			buildSettings = {
				ALWAYS_EMBED_SWIFT_STANDARD_LIBRARIES = YES;
				BUNDLE_LOADER = "$(TEST_HOST)";
				CODE_SIGN_STYLE = Automatic;
				DEVELOPMENT_TEAM = 46S3S784AR;
				INFOPLIST_FILE = TianganDizhiTests/Info.plist;
				LD_RUNPATH_SEARCH_PATHS = (
					"$(inherited)",
					"@executable_path/Frameworks",
					"@loader_path/Frameworks",
				);
				PRODUCT_BUNDLE_IDENTIFIER = com.uriphium.TianganDizhiTests;
				PRODUCT_NAME = "$(TARGET_NAME)";
				SWIFT_VERSION = 5.0;
				TARGETED_DEVICE_FAMILY = "1,2";
				TEST_HOST = "$(BUILT_PRODUCTS_DIR)/TianganDizhi.app/TianganDizhi";
			};
			name = Debug;
		};
		46AB55F6242B5EFF00F6604A /* Release */ = {
			isa = XCBuildConfiguration;
			buildSettings = {
				ALWAYS_EMBED_SWIFT_STANDARD_LIBRARIES = YES;
				BUNDLE_LOADER = "$(TEST_HOST)";
				CODE_SIGN_STYLE = Automatic;
				DEVELOPMENT_TEAM = 46S3S784AR;
				INFOPLIST_FILE = TianganDizhiTests/Info.plist;
				LD_RUNPATH_SEARCH_PATHS = (
					"$(inherited)",
					"@executable_path/Frameworks",
					"@loader_path/Frameworks",
				);
				PRODUCT_BUNDLE_IDENTIFIER = com.uriphium.TianganDizhiTests;
				PRODUCT_NAME = "$(TARGET_NAME)";
				SWIFT_VERSION = 5.0;
				TARGETED_DEVICE_FAMILY = "1,2";
				TEST_HOST = "$(BUILT_PRODUCTS_DIR)/TianganDizhi.app/TianganDizhi";
			};
			name = Release;
		};
		46AB55F8242B5EFF00F6604A /* Debug */ = {
			isa = XCBuildConfiguration;
			buildSettings = {
				ALWAYS_EMBED_SWIFT_STANDARD_LIBRARIES = YES;
				CODE_SIGN_STYLE = Automatic;
				DEVELOPMENT_TEAM = 46S3S784AR;
				INFOPLIST_FILE = TianganDizhiUITests/Info.plist;
				LD_RUNPATH_SEARCH_PATHS = (
					"$(inherited)",
					"@executable_path/Frameworks",
					"@loader_path/Frameworks",
				);
				PRODUCT_BUNDLE_IDENTIFIER = com.uriphium.TianganDizhiUITests;
				PRODUCT_NAME = "$(TARGET_NAME)";
				SWIFT_VERSION = 5.0;
				TARGETED_DEVICE_FAMILY = "1,2";
				TEST_TARGET_NAME = TianganDizhi;
			};
			name = Debug;
		};
		46AB55F9242B5EFF00F6604A /* Release */ = {
			isa = XCBuildConfiguration;
			buildSettings = {
				ALWAYS_EMBED_SWIFT_STANDARD_LIBRARIES = YES;
				CODE_SIGN_STYLE = Automatic;
				DEVELOPMENT_TEAM = 46S3S784AR;
				INFOPLIST_FILE = TianganDizhiUITests/Info.plist;
				LD_RUNPATH_SEARCH_PATHS = (
					"$(inherited)",
					"@executable_path/Frameworks",
					"@loader_path/Frameworks",
				);
				PRODUCT_BUNDLE_IDENTIFIER = com.uriphium.TianganDizhiUITests;
				PRODUCT_NAME = "$(TARGET_NAME)";
				SWIFT_VERSION = 5.0;
				TARGETED_DEVICE_FAMILY = "1,2";
				TEST_TARGET_NAME = TianganDizhi;
			};
			name = Release;
		};
		993843B5285633D900FA7631 /* Debug */ = {
			isa = XCBuildConfiguration;
			buildSettings = {
				ASSETCATALOG_COMPILER_GLOBAL_ACCENT_COLOR_NAME = AccentColor;
				ASSETCATALOG_COMPILER_WIDGET_BACKGROUND_COLOR_NAME = WidgetBackground;
				CLANG_WARN_QUOTED_INCLUDE_IN_FRAMEWORK_HEADER = YES;
				CODE_SIGN_ENTITLEMENTS = ShiChenExtension.entitlements;
				CODE_SIGN_STYLE = Automatic;
				CURRENT_PROJECT_VERSION = 1;
				DEVELOPMENT_TEAM = 46S3S784AR;
				INFOPLIST_FILE = "ShiChenExtension copy-Info.plist";
				IPHONEOS_DEPLOYMENT_TARGET = 14.0;
				LD_RUNPATH_SEARCH_PATHS = (
					"$(inherited)",
					"@executable_path/Frameworks",
					"@executable_path/../../Frameworks",
				);
				MARKETING_VERSION = 1.3.0;
				PRODUCT_BUNDLE_IDENTIFIER = com.uriphium.TianganDizhi.ShiChen.watchkitapp.intermidiate;
				PRODUCT_NAME = "$(TARGET_NAME)";
				SDKROOT = watchos;
				SKIP_INSTALL = YES;
				SUPPORTS_MACCATALYST = NO;
				SWIFT_VERSION = 5.0;
				TARGETED_DEVICE_FAMILY = "1,2";
				VERSIONING_SYSTEM = "apple-generic";
				WATCHOS_DEPLOYMENT_TARGET = 9.0;
			};
			name = Debug;
		};
		993843B6285633D900FA7631 /* Release */ = {
			isa = XCBuildConfiguration;
			buildSettings = {
				ASSETCATALOG_COMPILER_GLOBAL_ACCENT_COLOR_NAME = AccentColor;
				ASSETCATALOG_COMPILER_WIDGET_BACKGROUND_COLOR_NAME = WidgetBackground;
				CLANG_WARN_QUOTED_INCLUDE_IN_FRAMEWORK_HEADER = YES;
				CODE_SIGN_ENTITLEMENTS = ShiChenExtension.entitlements;
				CODE_SIGN_STYLE = Automatic;
				CURRENT_PROJECT_VERSION = 1;
				DEVELOPMENT_TEAM = 46S3S784AR;
				INFOPLIST_FILE = "ShiChenExtension copy-Info.plist";
				IPHONEOS_DEPLOYMENT_TARGET = 14.0;
				LD_RUNPATH_SEARCH_PATHS = (
					"$(inherited)",
					"@executable_path/Frameworks",
					"@executable_path/../../Frameworks",
				);
				MARKETING_VERSION = 1.3.0;
				PRODUCT_BUNDLE_IDENTIFIER = com.uriphium.TianganDizhi.ShiChen.watchkitapp.intermidiate;
				PRODUCT_NAME = "$(TARGET_NAME)";
				SDKROOT = watchos;
				SKIP_INSTALL = YES;
				SUPPORTS_MACCATALYST = NO;
				SWIFT_VERSION = 5.0;
				TARGETED_DEVICE_FAMILY = "1,2";
				VERSIONING_SYSTEM = "apple-generic";
				WATCHOS_DEPLOYMENT_TARGET = 9.0;
			};
			name = Release;
		};
/* End XCBuildConfiguration section */

/* Begin XCConfigurationList section */
		462A5F7724FFE5F20032A125 /* Build configuration list for PBXNativeTarget "ShiChenExtension" */ = {
			isa = XCConfigurationList;
			buildConfigurations = (
				462A5F7524FFE5F20032A125 /* Debug */,
				462A5F7624FFE5F20032A125 /* Release */,
			);
			defaultConfigurationIsVisible = 0;
			defaultConfigurationName = Release;
		};
		46701E24271B2A0A00D6D322 /* Build configuration list for PBXNativeTarget "Shichen WatchKit App" */ = {
			isa = XCConfigurationList;
			buildConfigurations = (
				46701E1E271B2A0A00D6D322 /* Debug */,
				46701E1F271B2A0A00D6D322 /* Release */,
			);
			defaultConfigurationIsVisible = 0;
			defaultConfigurationName = Release;
		};
		46701E25271B2A0A00D6D322 /* Build configuration list for PBXNativeTarget "Shichen" */ = {
			isa = XCConfigurationList;
			buildConfigurations = (
				46701E1B271B2A0A00D6D322 /* Debug */,
				46701E1C271B2A0A00D6D322 /* Release */,
			);
			defaultConfigurationIsVisible = 0;
			defaultConfigurationName = Release;
		};
		46AB55C2242B5EFD00F6604A /* Build configuration list for PBXProject "TianganDizhi" */ = {
			isa = XCConfigurationList;
			buildConfigurations = (
				46AB55EF242B5EFF00F6604A /* Debug */,
				46AB55F0242B5EFF00F6604A /* Release */,
			);
			defaultConfigurationIsVisible = 0;
			defaultConfigurationName = Release;
		};
		46AB55F1242B5EFF00F6604A /* Build configuration list for PBXNativeTarget "TianganDizhi" */ = {
			isa = XCConfigurationList;
			buildConfigurations = (
				46AB55F2242B5EFF00F6604A /* Debug */,
				46AB55F3242B5EFF00F6604A /* Release */,
			);
			defaultConfigurationIsVisible = 0;
			defaultConfigurationName = Release;
		};
		46AB55F4242B5EFF00F6604A /* Build configuration list for PBXNativeTarget "TianganDizhiTests" */ = {
			isa = XCConfigurationList;
			buildConfigurations = (
				46AB55F5242B5EFF00F6604A /* Debug */,
				46AB55F6242B5EFF00F6604A /* Release */,
			);
			defaultConfigurationIsVisible = 0;
			defaultConfigurationName = Release;
		};
		46AB55F7242B5EFF00F6604A /* Build configuration list for PBXNativeTarget "TianganDizhiUITests" */ = {
			isa = XCConfigurationList;
			buildConfigurations = (
				46AB55F8242B5EFF00F6604A /* Debug */,
				46AB55F9242B5EFF00F6604A /* Release */,
			);
			defaultConfigurationIsVisible = 0;
			defaultConfigurationName = Release;
		};
		993843B4285633D900FA7631 /* Build configuration list for PBXNativeTarget "ShiChenExtension Watch" */ = {
			isa = XCConfigurationList;
			buildConfigurations = (
				993843B5285633D900FA7631 /* Debug */,
				993843B6285633D900FA7631 /* Release */,
			);
			defaultConfigurationIsVisible = 0;
			defaultConfigurationName = Release;
		};
/* End XCConfigurationList section */

/* Begin XCRemoteSwiftPackageReference section */
		460EE4D9270211EA0006A7D3 /* XCRemoteSwiftPackageReference "firebase-ios-sdk" */ = {
			isa = XCRemoteSwiftPackageReference;
			repositoryURL = "https://github.com/firebase/firebase-ios-sdk.git";
			requirement = {
				kind = upToNextMajorVersion;
				minimumVersion = 8.0.0;
			};
		};
		46339FEE25029C64007D4137 /* XCRemoteSwiftPackageReference "JingluoShuxueCore" */ = {
			isa = XCRemoteSwiftPackageReference;
			repositoryURL = "https://github.com/xiangyu-sun/JingluoShuxueCore.git";
			requirement = {
				branch = main;
				kind = branch;
			};
		};
		46B2423625B3250D00B17A4A /* XCRemoteSwiftPackageReference "ChineseAstrologyCalendar" */ = {
			isa = XCRemoteSwiftPackageReference;
			repositoryURL = "git@github.com:xiangyu-sun/ChineseAstrologyCalendar.git";
			requirement = {
				branch = master;
				kind = branch;
			};
		};
		46F9C28325D137020017440D /* XCRemoteSwiftPackageReference "ChineseTranditionalMusicCore" */ = {
			isa = XCRemoteSwiftPackageReference;
			repositoryURL = "https://github.com/xiangyu-sun/ChineseTranditionalMusicCore.git";
			requirement = {
				branch = main;
				kind = branch;
			};
		};
		993843A2285633D900FA7631 /* XCRemoteSwiftPackageReference "ChineseAstrologyCalendar" */ = {
			isa = XCRemoteSwiftPackageReference;
			repositoryURL = "git@github.com:xiangyu-sun/ChineseAstrologyCalendar.git";
			requirement = {
				branch = master;
				kind = branch;
			};
		};
/* End XCRemoteSwiftPackageReference section */

/* Begin XCSwiftPackageProductDependency section */
		460EE4DA270211EA0006A7D3 /* FirebaseAnalytics */ = {
			isa = XCSwiftPackageProductDependency;
			package = 460EE4D9270211EA0006A7D3 /* XCRemoteSwiftPackageReference "firebase-ios-sdk" */;
			productName = FirebaseAnalytics;
		};
		46339FEF25029C64007D4137 /* JingluoShuxue */ = {
			isa = XCSwiftPackageProductDependency;
			package = 46339FEE25029C64007D4137 /* XCRemoteSwiftPackageReference "JingluoShuxueCore" */;
			productName = JingluoShuxue;
		};
		46701E2A271B2CBA00D6D322 /* ChineseAstrologyCalendar */ = {
			isa = XCSwiftPackageProductDependency;
			package = 46B2423625B3250D00B17A4A /* XCRemoteSwiftPackageReference "ChineseAstrologyCalendar" */;
			productName = ChineseAstrologyCalendar;
		};
		4690D63125C02948008D9D1B /* ChineseAstrologyCalendar */ = {
			isa = XCSwiftPackageProductDependency;
			package = 46B2423625B3250D00B17A4A /* XCRemoteSwiftPackageReference "ChineseAstrologyCalendar" */;
			productName = ChineseAstrologyCalendar;
		};
		46B2423725B3250D00B17A4A /* ChineseAstrologyCalendar */ = {
			isa = XCSwiftPackageProductDependency;
			package = 46B2423625B3250D00B17A4A /* XCRemoteSwiftPackageReference "ChineseAstrologyCalendar" */;
			productName = ChineseAstrologyCalendar;
		};
		46F9C28425D137020017440D /* ChineseTranditionalMusicCore */ = {
			isa = XCSwiftPackageProductDependency;
			package = 46F9C28325D137020017440D /* XCRemoteSwiftPackageReference "ChineseTranditionalMusicCore" */;
			productName = ChineseTranditionalMusicCore;
		};
		993843A1285633D900FA7631 /* ChineseAstrologyCalendar */ = {
			isa = XCSwiftPackageProductDependency;
			package = 993843A2285633D900FA7631 /* XCRemoteSwiftPackageReference "ChineseAstrologyCalendar" */;
			productName = ChineseAstrologyCalendar;
		};
/* End XCSwiftPackageProductDependency section */
	};
	rootObject = 46AB55BF242B5EFD00F6604A /* Project object */;
}
