// !$*UTF8*$!
{
	archiveVersion = 1;
	classes = {
	};
	objectVersion = 52;
	objects = {

/* Begin PBXBuildFile section */
		462A5F6624FFE5F20032A125 /* WidgetKit.framework in Frameworks */ = {isa = PBXBuildFile; fileRef = 462A5F6524FFE5F20032A125 /* WidgetKit.framework */; };
		462A5F6824FFE5F20032A125 /* SwiftUI.framework in Frameworks */ = {isa = PBXBuildFile; fileRef = 462A5F6724FFE5F20032A125 /* SwiftUI.framework */; };
		462A5F6B24FFE5F20032A125 /* ShiChen.swift in Sources */ = {isa = PBXBuildFile; fileRef = 462A5F6A24FFE5F20032A125 /* ShiChen.swift */; };
		462A5F6E24FFE5F20032A125 /* Assets.xcassets in Resources */ = {isa = PBXBuildFile; fileRef = 462A5F6D24FFE5F20032A125 /* Assets.xcassets */; };
		462A5F7024FFE5F20032A125 /* ShiChen.intentdefinition in Sources */ = {isa = PBXBuildFile; fileRef = 462A5F6C24FFE5F20032A125 /* ShiChen.intentdefinition */; };
		462A5F7124FFE5F20032A125 /* ShiChen.intentdefinition in Sources */ = {isa = PBXBuildFile; fileRef = 462A5F6C24FFE5F20032A125 /* ShiChen.intentdefinition */; };
		462A5F7424FFE5F20032A125 /* ShiChenExtension.appex in Embed App Extensions */ = {isa = PBXBuildFile; fileRef = 462A5F6424FFE5F20032A125 /* ShiChenExtension.appex */; settings = {ATTRIBUTES = (RemoveHeadersOnCopy, ); }; };
		46339FDB2500D169007D4137 /* ChineseAstrologyCalendar in Frameworks */ = {isa = PBXBuildFile; productRef = 46339FDA2500D169007D4137 /* ChineseAstrologyCalendar */; };
		46339FDC2500EA41007D4137 /* ClockView.swift in Sources */ = {isa = PBXBuildFile; fileRef = 46E055B124B02FA900AC2AE5 /* ClockView.swift */; };
		46339FDD2500EA60007D4137 /* ShichenView.swift in Sources */ = {isa = PBXBuildFile; fileRef = 46E055B724B065BD00AC2AE5 /* ShichenView.swift */; };
		46339FE325024E85007D4137 /* Styler.swift in Sources */ = {isa = PBXBuildFile; fileRef = 46339FE225024E85007D4137 /* Styler.swift */; };
		46339FE425024F2B007D4137 /* Styler.swift in Sources */ = {isa = PBXBuildFile; fileRef = 46339FE225024E85007D4137 /* Styler.swift */; };
		46339FE625027DA8007D4137 /* ShichenHStackView.swift in Sources */ = {isa = PBXBuildFile; fileRef = 46339FE525027DA8007D4137 /* ShichenHStackView.swift */; };
		46339FE725027E6F007D4137 /* ShichenHStackView.swift in Sources */ = {isa = PBXBuildFile; fileRef = 46339FE525027DA8007D4137 /* ShichenHStackView.swift */; };
		46339FE925028279007D4137 /* KnowledgeView.swift in Sources */ = {isa = PBXBuildFile; fileRef = 46339FE825028279007D4137 /* KnowledgeView.swift */; };
		46339FEB25028DB5007D4137 /* MainView.swift in Sources */ = {isa = PBXBuildFile; fileRef = 46339FEA25028DB5007D4137 /* MainView.swift */; };
		46339FF025029C64007D4137 /* JingluoShuxue in Frameworks */ = {isa = PBXBuildFile; productRef = 46339FEF25029C64007D4137 /* JingluoShuxue */; };
		468844D024F54B4600310941 /* Updater.swift in Sources */ = {isa = PBXBuildFile; fileRef = 468844CF24F54B4600310941 /* Updater.swift */; };
		46AB55CB242B5EFD00F6604A /* AppDelegate.swift in Sources */ = {isa = PBXBuildFile; fileRef = 46AB55CA242B5EFD00F6604A /* AppDelegate.swift */; };
		46AB55CD242B5EFD00F6604A /* SceneDelegate.swift in Sources */ = {isa = PBXBuildFile; fileRef = 46AB55CC242B5EFD00F6604A /* SceneDelegate.swift */; };
		46AB55CF242B5EFD00F6604A /* ContentView.swift in Sources */ = {isa = PBXBuildFile; fileRef = 46AB55CE242B5EFD00F6604A /* ContentView.swift */; };
		46AB55D1242B5EFF00F6604A /* Assets.xcassets in Resources */ = {isa = PBXBuildFile; fileRef = 46AB55D0242B5EFF00F6604A /* Assets.xcassets */; };
		46AB55D4242B5EFF00F6604A /* Preview Assets.xcassets in Resources */ = {isa = PBXBuildFile; fileRef = 46AB55D3242B5EFF00F6604A /* Preview Assets.xcassets */; };
		46AB55D7242B5EFF00F6604A /* LaunchScreen.storyboard in Resources */ = {isa = PBXBuildFile; fileRef = 46AB55D5242B5EFF00F6604A /* LaunchScreen.storyboard */; };
		46AB55E2242B5EFF00F6604A /* TianganDizhiTests.swift in Sources */ = {isa = PBXBuildFile; fileRef = 46AB55E1242B5EFF00F6604A /* TianganDizhiTests.swift */; };
		46AB55ED242B5EFF00F6604A /* TianganDizhiUITests.swift in Sources */ = {isa = PBXBuildFile; fileRef = 46AB55EC242B5EFF00F6604A /* TianganDizhiUITests.swift */; };
		46AB55FD242B5F7100F6604A /* DizhiListView.swift in Sources */ = {isa = PBXBuildFile; fileRef = 46AB55FC242B5F7100F6604A /* DizhiListView.swift */; };
		46AB5607242B7F6C00F6604A /* NotificationCenter.framework in Frameworks */ = {isa = PBXBuildFile; fileRef = 46AB5606242B7F6C00F6604A /* NotificationCenter.framework */; };
		46AB560A242B7F6C00F6604A /* TodayViewController.swift in Sources */ = {isa = PBXBuildFile; fileRef = 46AB5609242B7F6C00F6604A /* TodayViewController.swift */; };
		46AB560D242B7F6C00F6604A /* MainInterface.storyboard in Resources */ = {isa = PBXBuildFile; fileRef = 46AB560B242B7F6C00F6604A /* MainInterface.storyboard */; };
		46AB5611242B7F6C00F6604A /* Today.appex in Embed App Extensions */ = {isa = PBXBuildFile; fileRef = 46AB5604242B7F6C00F6604A /* Today.appex */; settings = {ATTRIBUTES = (RemoveHeadersOnCopy, ); }; };
		46B79C0D2541E4B9003C0B7F /* WeibeiTC-Bold.otf in Resources */ = {isa = PBXBuildFile; fileRef = 46B79C0C2541E4B9003C0B7F /* WeibeiTC-Bold.otf */; };
		46B79C0E2541E4B9003C0B7F /* WeibeiTC-Bold.otf in Resources */ = {isa = PBXBuildFile; fileRef = 46B79C0C2541E4B9003C0B7F /* WeibeiTC-Bold.otf */; };
		46B79C342541EB87003C0B7F /* SnapshotHelper.swift in Sources */ = {isa = PBXBuildFile; fileRef = 46B79C332541EB87003C0B7F /* SnapshotHelper.swift */; };
		46B79C402541F95F003C0B7F /* Environment.swift in Sources */ = {isa = PBXBuildFile; fileRef = 46B79C3F2541F95F003C0B7F /* Environment.swift */; };
		46B79C462541F962003C0B7F /* Environment.swift in Sources */ = {isa = PBXBuildFile; fileRef = 46B79C3F2541F95F003C0B7F /* Environment.swift */; };
		46B7FCE725061F81008E8D48 /* ChinesePinyin.swift in Sources */ = {isa = PBXBuildFile; fileRef = 46B7FCE625061F81008E8D48 /* ChinesePinyin.swift */; };
		46B7FCE9250620CC008E8D48 /* TimelineScheduler.swift in Sources */ = {isa = PBXBuildFile; fileRef = 46B7FCE8250620CC008E8D48 /* TimelineScheduler.swift */; };
		46B7FCEA250630DE008E8D48 /* TimelineScheduler.swift in Sources */ = {isa = PBXBuildFile; fileRef = 46B7FCE8250620CC008E8D48 /* TimelineScheduler.swift */; };
		46E055A524AF2B3A00AC2AE5 /* TianganListView.swift in Sources */ = {isa = PBXBuildFile; fileRef = 46E055A424AF2B3A00AC2AE5 /* TianganListView.swift */; };
		46E055AC24AF34AE00AC2AE5 /* ChineseAstrologyCalendar in Frameworks */ = {isa = PBXBuildFile; productRef = 46E055AB24AF34AE00AC2AE5 /* ChineseAstrologyCalendar */; };
		46E055B024AF351700AC2AE5 /* ChineseAstrologyCalendar in Frameworks */ = {isa = PBXBuildFile; productRef = 46E055AF24AF351700AC2AE5 /* ChineseAstrologyCalendar */; };
		46E055B224B02FA900AC2AE5 /* ClockView.swift in Sources */ = {isa = PBXBuildFile; fileRef = 46E055B124B02FA900AC2AE5 /* ClockView.swift */; };
		46E055B824B065BD00AC2AE5 /* ShichenView.swift in Sources */ = {isa = PBXBuildFile; fileRef = 46E055B724B065BD00AC2AE5 /* ShichenView.swift */; };
/* End PBXBuildFile section */

/* Begin PBXContainerItemProxy section */
		462A5F7224FFE5F20032A125 /* PBXContainerItemProxy */ = {
			isa = PBXContainerItemProxy;
			containerPortal = 46AB55BF242B5EFD00F6604A /* Project object */;
			proxyType = 1;
			remoteGlobalIDString = 462A5F6324FFE5F20032A125;
			remoteInfo = ShiChenExtension;
		};
		46AB55DE242B5EFF00F6604A /* PBXContainerItemProxy */ = {
			isa = PBXContainerItemProxy;
			containerPortal = 46AB55BF242B5EFD00F6604A /* Project object */;
			proxyType = 1;
			remoteGlobalIDString = 46AB55C6242B5EFD00F6604A;
			remoteInfo = TianganDizhi;
		};
		46AB55E9242B5EFF00F6604A /* PBXContainerItemProxy */ = {
			isa = PBXContainerItemProxy;
			containerPortal = 46AB55BF242B5EFD00F6604A /* Project object */;
			proxyType = 1;
			remoteGlobalIDString = 46AB55C6242B5EFD00F6604A;
			remoteInfo = TianganDizhi;
		};
		46AB560F242B7F6C00F6604A /* PBXContainerItemProxy */ = {
			isa = PBXContainerItemProxy;
			containerPortal = 46AB55BF242B5EFD00F6604A /* Project object */;
			proxyType = 1;
			remoteGlobalIDString = 46AB5603242B7F6C00F6604A;
			remoteInfo = Today;
		};
/* End PBXContainerItemProxy section */

/* Begin PBXCopyFilesBuildPhase section */
		46AB5615242B7F6C00F6604A /* Embed App Extensions */ = {
			isa = PBXCopyFilesBuildPhase;
			buildActionMask = 2147483647;
			dstPath = "";
			dstSubfolderSpec = 13;
			files = (
				46AB5611242B7F6C00F6604A /* Today.appex in Embed App Extensions */,
				462A5F7424FFE5F20032A125 /* ShiChenExtension.appex in Embed App Extensions */,
			);
			name = "Embed App Extensions";
			runOnlyForDeploymentPostprocessing = 0;
		};
/* End PBXCopyFilesBuildPhase section */

/* Begin PBXFileReference section */
		462A5F6424FFE5F20032A125 /* ShiChenExtension.appex */ = {isa = PBXFileReference; explicitFileType = "wrapper.app-extension"; includeInIndex = 0; path = ShiChenExtension.appex; sourceTree = BUILT_PRODUCTS_DIR; };
		462A5F6524FFE5F20032A125 /* WidgetKit.framework */ = {isa = PBXFileReference; lastKnownFileType = wrapper.framework; name = WidgetKit.framework; path = System/Library/Frameworks/WidgetKit.framework; sourceTree = SDKROOT; };
		462A5F6724FFE5F20032A125 /* SwiftUI.framework */ = {isa = PBXFileReference; lastKnownFileType = wrapper.framework; name = SwiftUI.framework; path = System/Library/Frameworks/SwiftUI.framework; sourceTree = SDKROOT; };
		462A5F6A24FFE5F20032A125 /* ShiChen.swift */ = {isa = PBXFileReference; lastKnownFileType = sourcecode.swift; path = ShiChen.swift; sourceTree = "<group>"; };
		462A5F6C24FFE5F20032A125 /* ShiChen.intentdefinition */ = {isa = PBXFileReference; lastKnownFileType = file.intentdefinition; path = ShiChen.intentdefinition; sourceTree = "<group>"; };
		462A5F6D24FFE5F20032A125 /* Assets.xcassets */ = {isa = PBXFileReference; lastKnownFileType = folder.assetcatalog; path = Assets.xcassets; sourceTree = "<group>"; };
		462A5F6F24FFE5F20032A125 /* Info.plist */ = {isa = PBXFileReference; lastKnownFileType = text.plist.xml; path = Info.plist; sourceTree = "<group>"; };
		46339FE225024E85007D4137 /* Styler.swift */ = {isa = PBXFileReference; lastKnownFileType = sourcecode.swift; path = Styler.swift; sourceTree = "<group>"; };
		46339FE525027DA8007D4137 /* ShichenHStackView.swift */ = {isa = PBXFileReference; lastKnownFileType = sourcecode.swift; path = ShichenHStackView.swift; sourceTree = "<group>"; };
		46339FE825028279007D4137 /* KnowledgeView.swift */ = {isa = PBXFileReference; lastKnownFileType = sourcecode.swift; path = KnowledgeView.swift; sourceTree = "<group>"; };
		46339FEA25028DB5007D4137 /* MainView.swift */ = {isa = PBXFileReference; lastKnownFileType = sourcecode.swift; path = MainView.swift; sourceTree = "<group>"; };
		46339FEC250296BF007D4137 /* ShiChenExtension.entitlements */ = {isa = PBXFileReference; lastKnownFileType = text.plist.entitlements; path = ShiChenExtension.entitlements; sourceTree = "<group>"; };
		468844CF24F54B4600310941 /* Updater.swift */ = {isa = PBXFileReference; lastKnownFileType = sourcecode.swift; path = Updater.swift; sourceTree = "<group>"; };
		46AB55C7242B5EFD00F6604A /* TianganDizhi.app */ = {isa = PBXFileReference; explicitFileType = wrapper.application; includeInIndex = 0; path = TianganDizhi.app; sourceTree = BUILT_PRODUCTS_DIR; };
		46AB55CA242B5EFD00F6604A /* AppDelegate.swift */ = {isa = PBXFileReference; lastKnownFileType = sourcecode.swift; path = AppDelegate.swift; sourceTree = "<group>"; };
		46AB55CC242B5EFD00F6604A /* SceneDelegate.swift */ = {isa = PBXFileReference; lastKnownFileType = sourcecode.swift; path = SceneDelegate.swift; sourceTree = "<group>"; };
		46AB55CE242B5EFD00F6604A /* ContentView.swift */ = {isa = PBXFileReference; lastKnownFileType = sourcecode.swift; path = ContentView.swift; sourceTree = "<group>"; };
		46AB55D0242B5EFF00F6604A /* Assets.xcassets */ = {isa = PBXFileReference; lastKnownFileType = folder.assetcatalog; path = Assets.xcassets; sourceTree = "<group>"; };
		46AB55D3242B5EFF00F6604A /* Preview Assets.xcassets */ = {isa = PBXFileReference; lastKnownFileType = folder.assetcatalog; path = "Preview Assets.xcassets"; sourceTree = "<group>"; };
		46AB55D6242B5EFF00F6604A /* Base */ = {isa = PBXFileReference; lastKnownFileType = file.storyboard; name = Base; path = Base.lproj/LaunchScreen.storyboard; sourceTree = "<group>"; };
		46AB55D8242B5EFF00F6604A /* Info.plist */ = {isa = PBXFileReference; lastKnownFileType = text.plist.xml; path = Info.plist; sourceTree = "<group>"; };
		46AB55DD242B5EFF00F6604A /* TianganDizhiTests.xctest */ = {isa = PBXFileReference; explicitFileType = wrapper.cfbundle; includeInIndex = 0; path = TianganDizhiTests.xctest; sourceTree = BUILT_PRODUCTS_DIR; };
		46AB55E1242B5EFF00F6604A /* TianganDizhiTests.swift */ = {isa = PBXFileReference; lastKnownFileType = sourcecode.swift; path = TianganDizhiTests.swift; sourceTree = "<group>"; };
		46AB55E3242B5EFF00F6604A /* Info.plist */ = {isa = PBXFileReference; lastKnownFileType = text.plist.xml; path = Info.plist; sourceTree = "<group>"; };
		46AB55E8242B5EFF00F6604A /* TianganDizhiUITests.xctest */ = {isa = PBXFileReference; explicitFileType = wrapper.cfbundle; includeInIndex = 0; path = TianganDizhiUITests.xctest; sourceTree = BUILT_PRODUCTS_DIR; };
		46AB55EC242B5EFF00F6604A /* TianganDizhiUITests.swift */ = {isa = PBXFileReference; lastKnownFileType = sourcecode.swift; path = TianganDizhiUITests.swift; sourceTree = "<group>"; };
		46AB55EE242B5EFF00F6604A /* Info.plist */ = {isa = PBXFileReference; lastKnownFileType = text.plist.xml; path = Info.plist; sourceTree = "<group>"; };
		46AB55FC242B5F7100F6604A /* DizhiListView.swift */ = {isa = PBXFileReference; lastKnownFileType = sourcecode.swift; path = DizhiListView.swift; sourceTree = "<group>"; };
		46AB5604242B7F6C00F6604A /* Today.appex */ = {isa = PBXFileReference; explicitFileType = "wrapper.app-extension"; includeInIndex = 0; path = Today.appex; sourceTree = BUILT_PRODUCTS_DIR; };
		46AB5606242B7F6C00F6604A /* NotificationCenter.framework */ = {isa = PBXFileReference; lastKnownFileType = wrapper.framework; name = NotificationCenter.framework; path = System/Library/Frameworks/NotificationCenter.framework; sourceTree = SDKROOT; };
		46AB5609242B7F6C00F6604A /* TodayViewController.swift */ = {isa = PBXFileReference; lastKnownFileType = sourcecode.swift; path = TodayViewController.swift; sourceTree = "<group>"; };
		46AB560C242B7F6C00F6604A /* Base */ = {isa = PBXFileReference; lastKnownFileType = file.storyboard; name = Base; path = Base.lproj/MainInterface.storyboard; sourceTree = "<group>"; };
		46AB560E242B7F6C00F6604A /* Info.plist */ = {isa = PBXFileReference; lastKnownFileType = text.plist.xml; path = Info.plist; sourceTree = "<group>"; };
		46B79C0C2541E4B9003C0B7F /* WeibeiTC-Bold.otf */ = {isa = PBXFileReference; lastKnownFileType = file; path = "WeibeiTC-Bold.otf"; sourceTree = "<group>"; };
		46B79C332541EB87003C0B7F /* SnapshotHelper.swift */ = {isa = PBXFileReference; fileEncoding = 4; lastKnownFileType = sourcecode.swift; name = SnapshotHelper.swift; path = fastlane/SnapshotHelper.swift; sourceTree = SOURCE_ROOT; };
		46B79C3F2541F95F003C0B7F /* Environment.swift */ = {isa = PBXFileReference; lastKnownFileType = sourcecode.swift; path = Environment.swift; sourceTree = "<group>"; };
		46B7FCE625061F81008E8D48 /* ChinesePinyin.swift */ = {isa = PBXFileReference; lastKnownFileType = sourcecode.swift; path = ChinesePinyin.swift; sourceTree = "<group>"; };
		46B7FCE8250620CC008E8D48 /* TimelineScheduler.swift */ = {isa = PBXFileReference; lastKnownFileType = sourcecode.swift; path = TimelineScheduler.swift; sourceTree = "<group>"; };
		46E055A424AF2B3A00AC2AE5 /* TianganListView.swift */ = {isa = PBXFileReference; fileEncoding = 4; lastKnownFileType = sourcecode.swift; path = TianganListView.swift; sourceTree = "<group>"; };
		46E055B124B02FA900AC2AE5 /* ClockView.swift */ = {isa = PBXFileReference; lastKnownFileType = sourcecode.swift; path = ClockView.swift; sourceTree = "<group>"; };
		46E055B724B065BD00AC2AE5 /* ShichenView.swift */ = {isa = PBXFileReference; lastKnownFileType = sourcecode.swift; path = ShichenView.swift; sourceTree = "<group>"; };
/* End PBXFileReference section */

/* Begin PBXFrameworksBuildPhase section */
		462A5F6124FFE5F20032A125 /* Frameworks */ = {
			isa = PBXFrameworksBuildPhase;
			buildActionMask = 2147483647;
			files = (
				462A5F6824FFE5F20032A125 /* SwiftUI.framework in Frameworks */,
				46339FDB2500D169007D4137 /* ChineseAstrologyCalendar in Frameworks */,
				462A5F6624FFE5F20032A125 /* WidgetKit.framework in Frameworks */,
			);
			runOnlyForDeploymentPostprocessing = 0;
		};
		46AB55C4242B5EFD00F6604A /* Frameworks */ = {
			isa = PBXFrameworksBuildPhase;
			buildActionMask = 2147483647;
			files = (
				46E055AC24AF34AE00AC2AE5 /* ChineseAstrologyCalendar in Frameworks */,
				46339FF025029C64007D4137 /* JingluoShuxue in Frameworks */,
			);
			runOnlyForDeploymentPostprocessing = 0;
		};
		46AB55DA242B5EFF00F6604A /* Frameworks */ = {
			isa = PBXFrameworksBuildPhase;
			buildActionMask = 2147483647;
			files = (
			);
			runOnlyForDeploymentPostprocessing = 0;
		};
		46AB55E5242B5EFF00F6604A /* Frameworks */ = {
			isa = PBXFrameworksBuildPhase;
			buildActionMask = 2147483647;
			files = (
			);
			runOnlyForDeploymentPostprocessing = 0;
		};
		46AB5601242B7F6C00F6604A /* Frameworks */ = {
			isa = PBXFrameworksBuildPhase;
			buildActionMask = 2147483647;
			files = (
				46AB5607242B7F6C00F6604A /* NotificationCenter.framework in Frameworks */,
				46E055B024AF351700AC2AE5 /* ChineseAstrologyCalendar in Frameworks */,
			);
			runOnlyForDeploymentPostprocessing = 0;
		};
/* End PBXFrameworksBuildPhase section */

/* Begin PBXGroup section */
		462A5F6924FFE5F20032A125 /* ShiChen */ = {
			isa = PBXGroup;
			children = (
				462A5F6A24FFE5F20032A125 /* ShiChen.swift */,
				462A5F6C24FFE5F20032A125 /* ShiChen.intentdefinition */,
				462A5F6D24FFE5F20032A125 /* Assets.xcassets */,
				462A5F6F24FFE5F20032A125 /* Info.plist */,
			);
			path = ShiChen;
			sourceTree = "<group>";
		};
		46AB55BE242B5EFD00F6604A = {
			isa = PBXGroup;
			children = (
				46339FEC250296BF007D4137 /* ShiChenExtension.entitlements */,
				46AB55C9242B5EFD00F6604A /* TianganDizhi */,
				46AB55E0242B5EFF00F6604A /* TianganDizhiTests */,
				46AB55EB242B5EFF00F6604A /* TianganDizhiUITests */,
				46AB5608242B7F6C00F6604A /* Today */,
				462A5F6924FFE5F20032A125 /* ShiChen */,
				46AB5605242B7F6C00F6604A /* Frameworks */,
				46AB55C8242B5EFD00F6604A /* Products */,
			);
			sourceTree = "<group>";
		};
		46AB55C8242B5EFD00F6604A /* Products */ = {
			isa = PBXGroup;
			children = (
				46AB55C7242B5EFD00F6604A /* TianganDizhi.app */,
				46AB55DD242B5EFF00F6604A /* TianganDizhiTests.xctest */,
				46AB55E8242B5EFF00F6604A /* TianganDizhiUITests.xctest */,
				46AB5604242B7F6C00F6604A /* Today.appex */,
				462A5F6424FFE5F20032A125 /* ShiChenExtension.appex */,
			);
			name = Products;
			sourceTree = "<group>";
		};
		46AB55C9242B5EFD00F6604A /* TianganDizhi */ = {
			isa = PBXGroup;
			children = (
				46AB55CA242B5EFD00F6604A /* AppDelegate.swift */,
				46AB55CC242B5EFD00F6604A /* SceneDelegate.swift */,
				46AB55CE242B5EFD00F6604A /* ContentView.swift */,
				46339FEA25028DB5007D4137 /* MainView.swift */,
				46B79C3F2541F95F003C0B7F /* Environment.swift */,
				468844CF24F54B4600310941 /* Updater.swift */,
				46339FE825028279007D4137 /* KnowledgeView.swift */,
				46E055A424AF2B3A00AC2AE5 /* TianganListView.swift */,
				46E055B124B02FA900AC2AE5 /* ClockView.swift */,
				46AB55FC242B5F7100F6604A /* DizhiListView.swift */,
				46E055B724B065BD00AC2AE5 /* ShichenView.swift */,
				46339FE525027DA8007D4137 /* ShichenHStackView.swift */,
				46339FE225024E85007D4137 /* Styler.swift */,
				46B7FCE625061F81008E8D48 /* ChinesePinyin.swift */,
				46B7FCE8250620CC008E8D48 /* TimelineScheduler.swift */,
				46B79C0B2541E4B9003C0B7F /* Weibei TC */,
				46AB55D0242B5EFF00F6604A /* Assets.xcassets */,
				46AB55D5242B5EFF00F6604A /* LaunchScreen.storyboard */,
				46AB55D8242B5EFF00F6604A /* Info.plist */,
				46AB55D2242B5EFF00F6604A /* Preview Content */,
			);
			path = TianganDizhi;
			sourceTree = "<group>";
		};
		46AB55D2242B5EFF00F6604A /* Preview Content */ = {
			isa = PBXGroup;
			children = (
				46AB55D3242B5EFF00F6604A /* Preview Assets.xcassets */,
			);
			path = "Preview Content";
			sourceTree = "<group>";
		};
		46AB55E0242B5EFF00F6604A /* TianganDizhiTests */ = {
			isa = PBXGroup;
			children = (
				46AB55E1242B5EFF00F6604A /* TianganDizhiTests.swift */,
				46AB55E3242B5EFF00F6604A /* Info.plist */,
			);
			path = TianganDizhiTests;
			sourceTree = "<group>";
		};
		46AB55EB242B5EFF00F6604A /* TianganDizhiUITests */ = {
			isa = PBXGroup;
			children = (
				46B79C332541EB87003C0B7F /* SnapshotHelper.swift */,
				46AB55EC242B5EFF00F6604A /* TianganDizhiUITests.swift */,
				46AB55EE242B5EFF00F6604A /* Info.plist */,
			);
			path = TianganDizhiUITests;
			sourceTree = "<group>";
		};
		46AB5605242B7F6C00F6604A /* Frameworks */ = {
			isa = PBXGroup;
			children = (
				46AB5606242B7F6C00F6604A /* NotificationCenter.framework */,
				462A5F6524FFE5F20032A125 /* WidgetKit.framework */,
				462A5F6724FFE5F20032A125 /* SwiftUI.framework */,
			);
			name = Frameworks;
			sourceTree = "<group>";
		};
		46AB5608242B7F6C00F6604A /* Today */ = {
			isa = PBXGroup;
			children = (
				46AB5609242B7F6C00F6604A /* TodayViewController.swift */,
				46AB560B242B7F6C00F6604A /* MainInterface.storyboard */,
				46AB560E242B7F6C00F6604A /* Info.plist */,
			);
			path = Today;
			sourceTree = "<group>";
		};
		46B79C0B2541E4B9003C0B7F /* Weibei TC */ = {
			isa = PBXGroup;
			children = (
				46B79C0C2541E4B9003C0B7F /* WeibeiTC-Bold.otf */,
			);
			path = "Weibei TC";
			sourceTree = "<group>";
		};
/* End PBXGroup section */

/* Begin PBXNativeTarget section */
		462A5F6324FFE5F20032A125 /* ShiChenExtension */ = {
			isa = PBXNativeTarget;
			buildConfigurationList = 462A5F7724FFE5F20032A125 /* Build configuration list for PBXNativeTarget "ShiChenExtension" */;
			buildPhases = (
				462A5F6024FFE5F20032A125 /* Sources */,
				462A5F6124FFE5F20032A125 /* Frameworks */,
				462A5F6224FFE5F20032A125 /* Resources */,
			);
			buildRules = (
			);
			dependencies = (
			);
			name = ShiChenExtension;
			packageProductDependencies = (
				46339FDA2500D169007D4137 /* ChineseAstrologyCalendar */,
			);
			productName = ShiChenExtension;
			productReference = 462A5F6424FFE5F20032A125 /* ShiChenExtension.appex */;
			productType = "com.apple.product-type.app-extension";
		};
		46AB55C6242B5EFD00F6604A /* TianganDizhi */ = {
			isa = PBXNativeTarget;
			buildConfigurationList = 46AB55F1242B5EFF00F6604A /* Build configuration list for PBXNativeTarget "TianganDizhi" */;
			buildPhases = (
				46AB55C3242B5EFD00F6604A /* Sources */,
				46AB55C4242B5EFD00F6604A /* Frameworks */,
				46AB55C5242B5EFD00F6604A /* Resources */,
				46AB5615242B7F6C00F6604A /* Embed App Extensions */,
			);
			buildRules = (
			);
			dependencies = (
				46AB5610242B7F6C00F6604A /* PBXTargetDependency */,
				462A5F7324FFE5F20032A125 /* PBXTargetDependency */,
			);
			name = TianganDizhi;
			packageProductDependencies = (
				46E055AB24AF34AE00AC2AE5 /* ChineseAstrologyCalendar */,
				46339FEF25029C64007D4137 /* JingluoShuxue */,
			);
			productName = TianganDizhi;
			productReference = 46AB55C7242B5EFD00F6604A /* TianganDizhi.app */;
			productType = "com.apple.product-type.application";
		};
		46AB55DC242B5EFF00F6604A /* TianganDizhiTests */ = {
			isa = PBXNativeTarget;
			buildConfigurationList = 46AB55F4242B5EFF00F6604A /* Build configuration list for PBXNativeTarget "TianganDizhiTests" */;
			buildPhases = (
				46AB55D9242B5EFF00F6604A /* Sources */,
				46AB55DA242B5EFF00F6604A /* Frameworks */,
				46AB55DB242B5EFF00F6604A /* Resources */,
			);
			buildRules = (
			);
			dependencies = (
				46AB55DF242B5EFF00F6604A /* PBXTargetDependency */,
			);
			name = TianganDizhiTests;
			productName = TianganDizhiTests;
			productReference = 46AB55DD242B5EFF00F6604A /* TianganDizhiTests.xctest */;
			productType = "com.apple.product-type.bundle.unit-test";
		};
		46AB55E7242B5EFF00F6604A /* TianganDizhiUITests */ = {
			isa = PBXNativeTarget;
			buildConfigurationList = 46AB55F7242B5EFF00F6604A /* Build configuration list for PBXNativeTarget "TianganDizhiUITests" */;
			buildPhases = (
				46AB55E4242B5EFF00F6604A /* Sources */,
				46AB55E5242B5EFF00F6604A /* Frameworks */,
				46AB55E6242B5EFF00F6604A /* Resources */,
			);
			buildRules = (
			);
			dependencies = (
				46AB55EA242B5EFF00F6604A /* PBXTargetDependency */,
			);
			name = TianganDizhiUITests;
			productName = TianganDizhiUITests;
			productReference = 46AB55E8242B5EFF00F6604A /* TianganDizhiUITests.xctest */;
			productType = "com.apple.product-type.bundle.ui-testing";
		};
		46AB5603242B7F6C00F6604A /* Today */ = {
			isa = PBXNativeTarget;
			buildConfigurationList = 46AB5612242B7F6C00F6604A /* Build configuration list for PBXNativeTarget "Today" */;
			buildPhases = (
				46AB5600242B7F6C00F6604A /* Sources */,
				46AB5601242B7F6C00F6604A /* Frameworks */,
				46AB5602242B7F6C00F6604A /* Resources */,
			);
			buildRules = (
			);
			dependencies = (
			);
			name = Today;
			packageProductDependencies = (
				46E055AF24AF351700AC2AE5 /* ChineseAstrologyCalendar */,
			);
			productName = Today;
			productReference = 46AB5604242B7F6C00F6604A /* Today.appex */;
			productType = "com.apple.product-type.app-extension";
		};
/* End PBXNativeTarget section */

/* Begin PBXProject section */
		46AB55BF242B5EFD00F6604A /* Project object */ = {
			isa = PBXProject;
			attributes = {
				LastSwiftUpdateCheck = 1200;
				LastUpgradeCheck = 1200;
				ORGANIZATIONNAME = "孙翔宇";
				TargetAttributes = {
					462A5F6324FFE5F20032A125 = {
						CreatedOnToolsVersion = 12.0;
					};
					46AB55C6242B5EFD00F6604A = {
						CreatedOnToolsVersion = 11.3.1;
					};
					46AB55DC242B5EFF00F6604A = {
						CreatedOnToolsVersion = 11.3.1;
						TestTargetID = 46AB55C6242B5EFD00F6604A;
					};
					46AB55E7242B5EFF00F6604A = {
						CreatedOnToolsVersion = 11.3.1;
						TestTargetID = 46AB55C6242B5EFD00F6604A;
					};
					46AB5603242B7F6C00F6604A = {
						CreatedOnToolsVersion = 11.3.1;
					};
				};
			};
			buildConfigurationList = 46AB55C2242B5EFD00F6604A /* Build configuration list for PBXProject "TianganDizhi" */;
			compatibilityVersion = "Xcode 9.3";
			developmentRegion = en;
			hasScannedForEncodings = 0;
			knownRegions = (
				en,
				Base,
			);
			mainGroup = 46AB55BE242B5EFD00F6604A;
			packageReferences = (
				46E055AA24AF34AE00AC2AE5 /* XCRemoteSwiftPackageReference "ChineseAstrologyCalendar" */,
				46339FEE25029C64007D4137 /* XCRemoteSwiftPackageReference "JingluoShuxueCore" */,
			);
			productRefGroup = 46AB55C8242B5EFD00F6604A /* Products */;
			projectDirPath = "";
			projectRoot = "";
			targets = (
				46AB55C6242B5EFD00F6604A /* TianganDizhi */,
				46AB55DC242B5EFF00F6604A /* TianganDizhiTests */,
				46AB55E7242B5EFF00F6604A /* TianganDizhiUITests */,
				46AB5603242B7F6C00F6604A /* Today */,
				462A5F6324FFE5F20032A125 /* ShiChenExtension */,
			);
		};
/* End PBXProject section */

/* Begin PBXResourcesBuildPhase section */
		462A5F6224FFE5F20032A125 /* Resources */ = {
			isa = PBXResourcesBuildPhase;
			buildActionMask = 2147483647;
			files = (
				46B79C0E2541E4B9003C0B7F /* WeibeiTC-Bold.otf in Resources */,
				462A5F6E24FFE5F20032A125 /* Assets.xcassets in Resources */,
			);
			runOnlyForDeploymentPostprocessing = 0;
		};
		46AB55C5242B5EFD00F6604A /* Resources */ = {
			isa = PBXResourcesBuildPhase;
			buildActionMask = 2147483647;
			files = (
				46AB55D7242B5EFF00F6604A /* LaunchScreen.storyboard in Resources */,
				46B79C0D2541E4B9003C0B7F /* WeibeiTC-Bold.otf in Resources */,
				46AB55D4242B5EFF00F6604A /* Preview Assets.xcassets in Resources */,
				46AB55D1242B5EFF00F6604A /* Assets.xcassets in Resources */,
			);
			runOnlyForDeploymentPostprocessing = 0;
		};
		46AB55DB242B5EFF00F6604A /* Resources */ = {
			isa = PBXResourcesBuildPhase;
			buildActionMask = 2147483647;
			files = (
			);
			runOnlyForDeploymentPostprocessing = 0;
		};
		46AB55E6242B5EFF00F6604A /* Resources */ = {
			isa = PBXResourcesBuildPhase;
			buildActionMask = 2147483647;
			files = (
			);
			runOnlyForDeploymentPostprocessing = 0;
		};
		46AB5602242B7F6C00F6604A /* Resources */ = {
			isa = PBXResourcesBuildPhase;
			buildActionMask = 2147483647;
			files = (
				46AB560D242B7F6C00F6604A /* MainInterface.storyboard in Resources */,
			);
			runOnlyForDeploymentPostprocessing = 0;
		};
/* End PBXResourcesBuildPhase section */

/* Begin PBXSourcesBuildPhase section */
		462A5F6024FFE5F20032A125 /* Sources */ = {
			isa = PBXSourcesBuildPhase;
			buildActionMask = 2147483647;
			files = (
				462A5F6B24FFE5F20032A125 /* ShiChen.swift in Sources */,
				46B79C462541F962003C0B7F /* Environment.swift in Sources */,
				46339FE425024F2B007D4137 /* Styler.swift in Sources */,
				46339FDD2500EA60007D4137 /* ShichenView.swift in Sources */,
				46339FE725027E6F007D4137 /* ShichenHStackView.swift in Sources */,
				46339FDC2500EA41007D4137 /* ClockView.swift in Sources */,
				46B7FCEA250630DE008E8D48 /* TimelineScheduler.swift in Sources */,
				462A5F7024FFE5F20032A125 /* ShiChen.intentdefinition in Sources */,
			);
			runOnlyForDeploymentPostprocessing = 0;
		};
		46AB55C3242B5EFD00F6604A /* Sources */ = {
			isa = PBXSourcesBuildPhase;
			buildActionMask = 2147483647;
			files = (
				46E055B824B065BD00AC2AE5 /* ShichenView.swift in Sources */,
				46B79C402541F95F003C0B7F /* Environment.swift in Sources */,
				46339FEB25028DB5007D4137 /* MainView.swift in Sources */,
				46AB55CB242B5EFD00F6604A /* AppDelegate.swift in Sources */,
				46E055B224B02FA900AC2AE5 /* ClockView.swift in Sources */,
				46B7FCE9250620CC008E8D48 /* TimelineScheduler.swift in Sources */,
				46E055A524AF2B3A00AC2AE5 /* TianganListView.swift in Sources */,
				46AB55CD242B5EFD00F6604A /* SceneDelegate.swift in Sources */,
				46339FE925028279007D4137 /* KnowledgeView.swift in Sources */,
				468844D024F54B4600310941 /* Updater.swift in Sources */,
				46339FE325024E85007D4137 /* Styler.swift in Sources */,
				462A5F7124FFE5F20032A125 /* ShiChen.intentdefinition in Sources */,
				46B7FCE725061F81008E8D48 /* ChinesePinyin.swift in Sources */,
				46339FE625027DA8007D4137 /* ShichenHStackView.swift in Sources */,
				46AB55CF242B5EFD00F6604A /* ContentView.swift in Sources */,
				46AB55FD242B5F7100F6604A /* DizhiListView.swift in Sources */,
			);
			runOnlyForDeploymentPostprocessing = 0;
		};
		46AB55D9242B5EFF00F6604A /* Sources */ = {
			isa = PBXSourcesBuildPhase;
			buildActionMask = 2147483647;
			files = (
				46AB55E2242B5EFF00F6604A /* TianganDizhiTests.swift in Sources */,
			);
			runOnlyForDeploymentPostprocessing = 0;
		};
		46AB55E4242B5EFF00F6604A /* Sources */ = {
			isa = PBXSourcesBuildPhase;
			buildActionMask = 2147483647;
			files = (
				46AB55ED242B5EFF00F6604A /* TianganDizhiUITests.swift in Sources */,
				46B79C342541EB87003C0B7F /* SnapshotHelper.swift in Sources */,
			);
			runOnlyForDeploymentPostprocessing = 0;
		};
		46AB5600242B7F6C00F6604A /* Sources */ = {
			isa = PBXSourcesBuildPhase;
			buildActionMask = 2147483647;
			files = (
				46AB560A242B7F6C00F6604A /* TodayViewController.swift in Sources */,
			);
			runOnlyForDeploymentPostprocessing = 0;
		};
/* End PBXSourcesBuildPhase section */

/* Begin PBXTargetDependency section */
		462A5F7324FFE5F20032A125 /* PBXTargetDependency */ = {
			isa = PBXTargetDependency;
			target = 462A5F6324FFE5F20032A125 /* ShiChenExtension */;
			targetProxy = 462A5F7224FFE5F20032A125 /* PBXContainerItemProxy */;
		};
		46AB55DF242B5EFF00F6604A /* PBXTargetDependency */ = {
			isa = PBXTargetDependency;
			target = 46AB55C6242B5EFD00F6604A /* TianganDizhi */;
			targetProxy = 46AB55DE242B5EFF00F6604A /* PBXContainerItemProxy */;
		};
		46AB55EA242B5EFF00F6604A /* PBXTargetDependency */ = {
			isa = PBXTargetDependency;
			target = 46AB55C6242B5EFD00F6604A /* TianganDizhi */;
			targetProxy = 46AB55E9242B5EFF00F6604A /* PBXContainerItemProxy */;
		};
		46AB5610242B7F6C00F6604A /* PBXTargetDependency */ = {
			isa = PBXTargetDependency;
			target = 46AB5603242B7F6C00F6604A /* Today */;
			targetProxy = 46AB560F242B7F6C00F6604A /* PBXContainerItemProxy */;
		};
/* End PBXTargetDependency section */

/* Begin PBXVariantGroup section */
		46AB55D5242B5EFF00F6604A /* LaunchScreen.storyboard */ = {
			isa = PBXVariantGroup;
			children = (
				46AB55D6242B5EFF00F6604A /* Base */,
			);
			name = LaunchScreen.storyboard;
			sourceTree = "<group>";
		};
		46AB560B242B7F6C00F6604A /* MainInterface.storyboard */ = {
			isa = PBXVariantGroup;
			children = (
				46AB560C242B7F6C00F6604A /* Base */,
			);
			name = MainInterface.storyboard;
			sourceTree = "<group>";
		};
/* End PBXVariantGroup section */

/* Begin XCBuildConfiguration section */
		462A5F7524FFE5F20032A125 /* Debug */ = {
			isa = XCBuildConfiguration;
			buildSettings = {
				ASSETCATALOG_COMPILER_GLOBAL_ACCENT_COLOR_NAME = AccentColor;
				ASSETCATALOG_COMPILER_WIDGET_BACKGROUND_COLOR_NAME = WidgetBackground;
				CLANG_WARN_QUOTED_INCLUDE_IN_FRAMEWORK_HEADER = YES;
				CODE_SIGN_ENTITLEMENTS = ShiChenExtension.entitlements;
				CODE_SIGN_STYLE = Automatic;
				DEVELOPMENT_TEAM = 46S3S784AR;
				INFOPLIST_FILE = ShiChen/Info.plist;
				IPHONEOS_DEPLOYMENT_TARGET = 14.0;
				LD_RUNPATH_SEARCH_PATHS = (
					"$(inherited)",
					"@executable_path/Frameworks",
					"@executable_path/../../Frameworks",
				);
				PRODUCT_BUNDLE_IDENTIFIER = com.uriphium.TianganDizhi.ShiChen;
				PRODUCT_NAME = "$(TARGET_NAME)";
				SKIP_INSTALL = YES;
				SUPPORTS_MACCATALYST = YES;
				SWIFT_VERSION = 5.0;
				TARGETED_DEVICE_FAMILY = "1,2,6";
			};
			name = Debug;
		};
		462A5F7624FFE5F20032A125 /* Release */ = {
			isa = XCBuildConfiguration;
			buildSettings = {
				ASSETCATALOG_COMPILER_GLOBAL_ACCENT_COLOR_NAME = AccentColor;
				ASSETCATALOG_COMPILER_WIDGET_BACKGROUND_COLOR_NAME = WidgetBackground;
				CLANG_WARN_QUOTED_INCLUDE_IN_FRAMEWORK_HEADER = YES;
				CODE_SIGN_ENTITLEMENTS = ShiChenExtension.entitlements;
				CODE_SIGN_STYLE = Automatic;
				DEVELOPMENT_TEAM = 46S3S784AR;
				INFOPLIST_FILE = ShiChen/Info.plist;
				IPHONEOS_DEPLOYMENT_TARGET = 14.0;
				LD_RUNPATH_SEARCH_PATHS = (
					"$(inherited)",
					"@executable_path/Frameworks",
					"@executable_path/../../Frameworks",
				);
				PRODUCT_BUNDLE_IDENTIFIER = com.uriphium.TianganDizhi.ShiChen;
				PRODUCT_NAME = "$(TARGET_NAME)";
				SKIP_INSTALL = YES;
				SUPPORTS_MACCATALYST = YES;
				SWIFT_VERSION = 5.0;
				TARGETED_DEVICE_FAMILY = "1,2,6";
			};
			name = Release;
		};
		46AB55EF242B5EFF00F6604A /* Debug */ = {
			isa = XCBuildConfiguration;
			buildSettings = {
				ALWAYS_SEARCH_USER_PATHS = NO;
				CLANG_ANALYZER_NONNULL = YES;
				CLANG_ANALYZER_NUMBER_OBJECT_CONVERSION = YES_AGGRESSIVE;
				CLANG_CXX_LANGUAGE_STANDARD = "gnu++14";
				CLANG_CXX_LIBRARY = "libc++";
				CLANG_ENABLE_MODULES = YES;
				CLANG_ENABLE_OBJC_ARC = YES;
				CLANG_ENABLE_OBJC_WEAK = YES;
				CLANG_WARN_BLOCK_CAPTURE_AUTORELEASING = YES;
				CLANG_WARN_BOOL_CONVERSION = YES;
				CLANG_WARN_COMMA = YES;
				CLANG_WARN_CONSTANT_CONVERSION = YES;
				CLANG_WARN_DEPRECATED_OBJC_IMPLEMENTATIONS = YES;
				CLANG_WARN_DIRECT_OBJC_ISA_USAGE = YES_ERROR;
				CLANG_WARN_DOCUMENTATION_COMMENTS = YES;
				CLANG_WARN_EMPTY_BODY = YES;
				CLANG_WARN_ENUM_CONVERSION = YES;
				CLANG_WARN_INFINITE_RECURSION = YES;
				CLANG_WARN_INT_CONVERSION = YES;
				CLANG_WARN_NON_LITERAL_NULL_CONVERSION = YES;
				CLANG_WARN_OBJC_IMPLICIT_RETAIN_SELF = YES;
				CLANG_WARN_OBJC_LITERAL_CONVERSION = YES;
				CLANG_WARN_OBJC_ROOT_CLASS = YES_ERROR;
				CLANG_WARN_QUOTED_INCLUDE_IN_FRAMEWORK_HEADER = YES;
				CLANG_WARN_RANGE_LOOP_ANALYSIS = YES;
				CLANG_WARN_STRICT_PROTOTYPES = YES;
				CLANG_WARN_SUSPICIOUS_MOVE = YES;
				CLANG_WARN_UNGUARDED_AVAILABILITY = YES_AGGRESSIVE;
				CLANG_WARN_UNREACHABLE_CODE = YES;
				CLANG_WARN__DUPLICATE_METHOD_MATCH = YES;
				COPY_PHASE_STRIP = NO;
				DEBUG_INFORMATION_FORMAT = dwarf;
				ENABLE_STRICT_OBJC_MSGSEND = YES;
				ENABLE_TESTABILITY = YES;
				GCC_C_LANGUAGE_STANDARD = gnu11;
				GCC_DYNAMIC_NO_PIC = NO;
				GCC_NO_COMMON_BLOCKS = YES;
				GCC_OPTIMIZATION_LEVEL = 0;
				GCC_PREPROCESSOR_DEFINITIONS = (
					"DEBUG=1",
					"$(inherited)",
				);
				GCC_WARN_64_TO_32_BIT_CONVERSION = YES;
				GCC_WARN_ABOUT_RETURN_TYPE = YES_ERROR;
				GCC_WARN_UNDECLARED_SELECTOR = YES;
				GCC_WARN_UNINITIALIZED_AUTOS = YES_AGGRESSIVE;
				GCC_WARN_UNUSED_FUNCTION = YES;
				GCC_WARN_UNUSED_VARIABLE = YES;
				IPHONEOS_DEPLOYMENT_TARGET = 13.0;
				MTL_ENABLE_DEBUG_INFO = INCLUDE_SOURCE;
				MTL_FAST_MATH = YES;
				ONLY_ACTIVE_ARCH = YES;
				SDKROOT = iphoneos;
				SWIFT_ACTIVE_COMPILATION_CONDITIONS = DEBUG;
				SWIFT_OPTIMIZATION_LEVEL = "-Onone";
			};
			name = Debug;
		};
		46AB55F0242B5EFF00F6604A /* Release */ = {
			isa = XCBuildConfiguration;
			buildSettings = {
				ALWAYS_SEARCH_USER_PATHS = NO;
				CLANG_ANALYZER_NONNULL = YES;
				CLANG_ANALYZER_NUMBER_OBJECT_CONVERSION = YES_AGGRESSIVE;
				CLANG_CXX_LANGUAGE_STANDARD = "gnu++14";
				CLANG_CXX_LIBRARY = "libc++";
				CLANG_ENABLE_MODULES = YES;
				CLANG_ENABLE_OBJC_ARC = YES;
				CLANG_ENABLE_OBJC_WEAK = YES;
				CLANG_WARN_BLOCK_CAPTURE_AUTORELEASING = YES;
				CLANG_WARN_BOOL_CONVERSION = YES;
				CLANG_WARN_COMMA = YES;
				CLANG_WARN_CONSTANT_CONVERSION = YES;
				CLANG_WARN_DEPRECATED_OBJC_IMPLEMENTATIONS = YES;
				CLANG_WARN_DIRECT_OBJC_ISA_USAGE = YES_ERROR;
				CLANG_WARN_DOCUMENTATION_COMMENTS = YES;
				CLANG_WARN_EMPTY_BODY = YES;
				CLANG_WARN_ENUM_CONVERSION = YES;
				CLANG_WARN_INFINITE_RECURSION = YES;
				CLANG_WARN_INT_CONVERSION = YES;
				CLANG_WARN_NON_LITERAL_NULL_CONVERSION = YES;
				CLANG_WARN_OBJC_IMPLICIT_RETAIN_SELF = YES;
				CLANG_WARN_OBJC_LITERAL_CONVERSION = YES;
				CLANG_WARN_OBJC_ROOT_CLASS = YES_ERROR;
				CLANG_WARN_QUOTED_INCLUDE_IN_FRAMEWORK_HEADER = YES;
				CLANG_WARN_RANGE_LOOP_ANALYSIS = YES;
				CLANG_WARN_STRICT_PROTOTYPES = YES;
				CLANG_WARN_SUSPICIOUS_MOVE = YES;
				CLANG_WARN_UNGUARDED_AVAILABILITY = YES_AGGRESSIVE;
				CLANG_WARN_UNREACHABLE_CODE = YES;
				CLANG_WARN__DUPLICATE_METHOD_MATCH = YES;
				COPY_PHASE_STRIP = NO;
				DEBUG_INFORMATION_FORMAT = "dwarf-with-dsym";
				ENABLE_NS_ASSERTIONS = NO;
				ENABLE_STRICT_OBJC_MSGSEND = YES;
				GCC_C_LANGUAGE_STANDARD = gnu11;
				GCC_NO_COMMON_BLOCKS = YES;
				GCC_WARN_64_TO_32_BIT_CONVERSION = YES;
				GCC_WARN_ABOUT_RETURN_TYPE = YES_ERROR;
				GCC_WARN_UNDECLARED_SELECTOR = YES;
				GCC_WARN_UNINITIALIZED_AUTOS = YES_AGGRESSIVE;
				GCC_WARN_UNUSED_FUNCTION = YES;
				GCC_WARN_UNUSED_VARIABLE = YES;
				IPHONEOS_DEPLOYMENT_TARGET = 13.0;
				MTL_ENABLE_DEBUG_INFO = NO;
				MTL_FAST_MATH = YES;
				SDKROOT = iphoneos;
				SWIFT_COMPILATION_MODE = wholemodule;
				SWIFT_OPTIMIZATION_LEVEL = "-O";
				VALIDATE_PRODUCT = YES;
			};
			name = Release;
		};
		46AB55F2242B5EFF00F6604A /* Debug */ = {
			isa = XCBuildConfiguration;
			buildSettings = {
				ALWAYS_EMBED_SWIFT_STANDARD_LIBRARIES = YES;
				ASSETCATALOG_COMPILER_APPICON_NAME = AppIcon;
				CODE_SIGN_STYLE = Automatic;
				DEVELOPMENT_ASSET_PATHS = "\"TianganDizhi/Preview Content\"";
				DEVELOPMENT_TEAM = 46S3S784AR;
				ENABLE_PREVIEWS = YES;
				INFOPLIST_FILE = TianganDizhi/Info.plist;
				IPHONEOS_DEPLOYMENT_TARGET = 13.0;
				LD_RUNPATH_SEARCH_PATHS = (
					"$(inherited)",
					"@executable_path/Frameworks",
				);
				PRODUCT_BUNDLE_IDENTIFIER = com.uriphium.TianganDizhi;
				PRODUCT_NAME = "$(TARGET_NAME)";
				SWIFT_VERSION = 5.0;
				TARGETED_DEVICE_FAMILY = "1,2";
			};
			name = Debug;
		};
		46AB55F3242B5EFF00F6604A /* Release */ = {
			isa = XCBuildConfiguration;
			buildSettings = {
				ALWAYS_EMBED_SWIFT_STANDARD_LIBRARIES = YES;
				ASSETCATALOG_COMPILER_APPICON_NAME = AppIcon;
				CODE_SIGN_STYLE = Automatic;
				DEVELOPMENT_ASSET_PATHS = "\"TianganDizhi/Preview Content\"";
				DEVELOPMENT_TEAM = 46S3S784AR;
				ENABLE_PREVIEWS = YES;
				INFOPLIST_FILE = TianganDizhi/Info.plist;
				IPHONEOS_DEPLOYMENT_TARGET = 13.0;
				LD_RUNPATH_SEARCH_PATHS = (
					"$(inherited)",
					"@executable_path/Frameworks",
				);
				PRODUCT_BUNDLE_IDENTIFIER = com.uriphium.TianganDizhi;
				PRODUCT_NAME = "$(TARGET_NAME)";
				SWIFT_VERSION = 5.0;
				TARGETED_DEVICE_FAMILY = "1,2";
			};
			name = Release;
		};
		46AB55F5242B5EFF00F6604A /* Debug */ = {
			isa = XCBuildConfiguration;
			buildSettings = {
				ALWAYS_EMBED_SWIFT_STANDARD_LIBRARIES = YES;
				BUNDLE_LOADER = "$(TEST_HOST)";
				CODE_SIGN_STYLE = Automatic;
				DEVELOPMENT_TEAM = 46S3S784AR;
				INFOPLIST_FILE = TianganDizhiTests/Info.plist;
				IPHONEOS_DEPLOYMENT_TARGET = 13.2;
				LD_RUNPATH_SEARCH_PATHS = (
					"$(inherited)",
					"@executable_path/Frameworks",
					"@loader_path/Frameworks",
				);
				PRODUCT_BUNDLE_IDENTIFIER = com.uriphium.TianganDizhiTests;
				PRODUCT_NAME = "$(TARGET_NAME)";
				SWIFT_VERSION = 5.0;
				TARGETED_DEVICE_FAMILY = "1,2";
				TEST_HOST = "$(BUILT_PRODUCTS_DIR)/TianganDizhi.app/TianganDizhi";
			};
			name = Debug;
		};
		46AB55F6242B5EFF00F6604A /* Release */ = {
			isa = XCBuildConfiguration;
			buildSettings = {
				ALWAYS_EMBED_SWIFT_STANDARD_LIBRARIES = YES;
				BUNDLE_LOADER = "$(TEST_HOST)";
				CODE_SIGN_STYLE = Automatic;
				DEVELOPMENT_TEAM = 46S3S784AR;
				INFOPLIST_FILE = TianganDizhiTests/Info.plist;
				IPHONEOS_DEPLOYMENT_TARGET = 13.2;
				LD_RUNPATH_SEARCH_PATHS = (
					"$(inherited)",
					"@executable_path/Frameworks",
					"@loader_path/Frameworks",
				);
				PRODUCT_BUNDLE_IDENTIFIER = com.uriphium.TianganDizhiTests;
				PRODUCT_NAME = "$(TARGET_NAME)";
				SWIFT_VERSION = 5.0;
				TARGETED_DEVICE_FAMILY = "1,2";
				TEST_HOST = "$(BUILT_PRODUCTS_DIR)/TianganDizhi.app/TianganDizhi";
			};
			name = Release;
		};
		46AB55F8242B5EFF00F6604A /* Debug */ = {
			isa = XCBuildConfiguration;
			buildSettings = {
				ALWAYS_EMBED_SWIFT_STANDARD_LIBRARIES = YES;
				CODE_SIGN_STYLE = Automatic;
				DEVELOPMENT_TEAM = 46S3S784AR;
				INFOPLIST_FILE = TianganDizhiUITests/Info.plist;
				LD_RUNPATH_SEARCH_PATHS = (
					"$(inherited)",
					"@executable_path/Frameworks",
					"@loader_path/Frameworks",
				);
				PRODUCT_BUNDLE_IDENTIFIER = com.uriphium.TianganDizhiUITests;
				PRODUCT_NAME = "$(TARGET_NAME)";
				SWIFT_VERSION = 5.0;
				TARGETED_DEVICE_FAMILY = "1,2";
				TEST_TARGET_NAME = TianganDizhi;
			};
			name = Debug;
		};
		46AB55F9242B5EFF00F6604A /* Release */ = {
			isa = XCBuildConfiguration;
			buildSettings = {
				ALWAYS_EMBED_SWIFT_STANDARD_LIBRARIES = YES;
				CODE_SIGN_STYLE = Automatic;
				DEVELOPMENT_TEAM = 46S3S784AR;
				INFOPLIST_FILE = TianganDizhiUITests/Info.plist;
				LD_RUNPATH_SEARCH_PATHS = (
					"$(inherited)",
					"@executable_path/Frameworks",
					"@loader_path/Frameworks",
				);
				PRODUCT_BUNDLE_IDENTIFIER = com.uriphium.TianganDizhiUITests;
				PRODUCT_NAME = "$(TARGET_NAME)";
				SWIFT_VERSION = 5.0;
				TARGETED_DEVICE_FAMILY = "1,2";
				TEST_TARGET_NAME = TianganDizhi;
			};
			name = Release;
		};
		46AB5613242B7F6C00F6604A /* Debug */ = {
			isa = XCBuildConfiguration;
			buildSettings = {
				CODE_SIGN_STYLE = Automatic;
				DEVELOPMENT_TEAM = 46S3S784AR;
				INFOPLIST_FILE = Today/Info.plist;
				IPHONEOS_DEPLOYMENT_TARGET = 13.0;
				LD_RUNPATH_SEARCH_PATHS = (
					"$(inherited)",
					"@executable_path/Frameworks",
					"@executable_path/../../Frameworks",
				);
				PRODUCT_BUNDLE_IDENTIFIER = com.uriphium.TianganDizhi.Today;
				PRODUCT_NAME = "$(TARGET_NAME)";
				SKIP_INSTALL = YES;
				SWIFT_VERSION = 5.0;
				TARGETED_DEVICE_FAMILY = "1,2";
			};
			name = Debug;
		};
		46AB5614242B7F6C00F6604A /* Release */ = {
			isa = XCBuildConfiguration;
			buildSettings = {
				CODE_SIGN_STYLE = Automatic;
				DEVELOPMENT_TEAM = 46S3S784AR;
				INFOPLIST_FILE = Today/Info.plist;
				IPHONEOS_DEPLOYMENT_TARGET = 13.0;
				LD_RUNPATH_SEARCH_PATHS = (
					"$(inherited)",
					"@executable_path/Frameworks",
					"@executable_path/../../Frameworks",
				);
				PRODUCT_BUNDLE_IDENTIFIER = com.uriphium.TianganDizhi.Today;
				PRODUCT_NAME = "$(TARGET_NAME)";
				SKIP_INSTALL = YES;
				SWIFT_VERSION = 5.0;
				TARGETED_DEVICE_FAMILY = "1,2";
			};
			name = Release;
		};
/* End XCBuildConfiguration section */

/* Begin XCConfigurationList section */
		462A5F7724FFE5F20032A125 /* Build configuration list for PBXNativeTarget "ShiChenExtension" */ = {
			isa = XCConfigurationList;
			buildConfigurations = (
				462A5F7524FFE5F20032A125 /* Debug */,
				462A5F7624FFE5F20032A125 /* Release */,
			);
			defaultConfigurationIsVisible = 0;
			defaultConfigurationName = Release;
		};
		46AB55C2242B5EFD00F6604A /* Build configuration list for PBXProject "TianganDizhi" */ = {
			isa = XCConfigurationList;
			buildConfigurations = (
				46AB55EF242B5EFF00F6604A /* Debug */,
				46AB55F0242B5EFF00F6604A /* Release */,
			);
			defaultConfigurationIsVisible = 0;
			defaultConfigurationName = Release;
		};
		46AB55F1242B5EFF00F6604A /* Build configuration list for PBXNativeTarget "TianganDizhi" */ = {
			isa = XCConfigurationList;
			buildConfigurations = (
				46AB55F2242B5EFF00F6604A /* Debug */,
				46AB55F3242B5EFF00F6604A /* Release */,
			);
			defaultConfigurationIsVisible = 0;
			defaultConfigurationName = Release;
		};
		46AB55F4242B5EFF00F6604A /* Build configuration list for PBXNativeTarget "TianganDizhiTests" */ = {
			isa = XCConfigurationList;
			buildConfigurations = (
				46AB55F5242B5EFF00F6604A /* Debug */,
				46AB55F6242B5EFF00F6604A /* Release */,
			);
			defaultConfigurationIsVisible = 0;
			defaultConfigurationName = Release;
		};
		46AB55F7242B5EFF00F6604A /* Build configuration list for PBXNativeTarget "TianganDizhiUITests" */ = {
			isa = XCConfigurationList;
			buildConfigurations = (
				46AB55F8242B5EFF00F6604A /* Debug */,
				46AB55F9242B5EFF00F6604A /* Release */,
			);
			defaultConfigurationIsVisible = 0;
			defaultConfigurationName = Release;
		};
		46AB5612242B7F6C00F6604A /* Build configuration list for PBXNativeTarget "Today" */ = {
			isa = XCConfigurationList;
			buildConfigurations = (
				46AB5613242B7F6C00F6604A /* Debug */,
				46AB5614242B7F6C00F6604A /* Release */,
			);
			defaultConfigurationIsVisible = 0;
			defaultConfigurationName = Release;
		};
/* End XCConfigurationList section */

/* Begin XCRemoteSwiftPackageReference section */
		46339FEE25029C64007D4137 /* XCRemoteSwiftPackageReference "JingluoShuxueCore" */ = {
			isa = XCRemoteSwiftPackageReference;
			repositoryURL = "https://github.com/xiangyu-sun/JingluoShuxueCore.git";
			requirement = {
				branch = main;
				kind = branch;
			};
		};
		46E055AA24AF34AE00AC2AE5 /* XCRemoteSwiftPackageReference "ChineseAstrologyCalendar" */ = {
			isa = XCRemoteSwiftPackageReference;
			repositoryURL = "git@github.com:xiangyu-sun/ChineseAstrologyCalendar.git";
			requirement = {
				branch = master;
				kind = branch;
			};
		};
/* End XCRemoteSwiftPackageReference section */

/* Begin XCSwiftPackageProductDependency section */
		46339FDA2500D169007D4137 /* ChineseAstrologyCalendar */ = {
			isa = XCSwiftPackageProductDependency;
			package = 46E055AA24AF34AE00AC2AE5 /* XCRemoteSwiftPackageReference "ChineseAstrologyCalendar" */;
			productName = ChineseAstrologyCalendar;
		};
		46339FEF25029C64007D4137 /* JingluoShuxue */ = {
			isa = XCSwiftPackageProductDependency;
			package = 46339FEE25029C64007D4137 /* XCRemoteSwiftPackageReference "JingluoShuxueCore" */;
			productName = JingluoShuxue;
		};
		46E055AB24AF34AE00AC2AE5 /* ChineseAstrologyCalendar */ = {
			isa = XCSwiftPackageProductDependency;
			package = 46E055AA24AF34AE00AC2AE5 /* XCRemoteSwiftPackageReference "ChineseAstrologyCalendar" */;
			productName = ChineseAstrologyCalendar;
		};
		46E055AF24AF351700AC2AE5 /* ChineseAstrologyCalendar */ = {
			isa = XCSwiftPackageProductDependency;
			package = 46E055AA24AF34AE00AC2AE5 /* XCRemoteSwiftPackageReference "ChineseAstrologyCalendar" */;
			productName = ChineseAstrologyCalendar;
		};
/* End XCSwiftPackageProductDependency section */
	};
	rootObject = 46AB55BF242B5EFD00F6604A /* Project object */;
}
