{
  "pins" : [
    {
      "identity" : "appstorereviewprompt",
      "kind" : "remoteSourceControl",
      "location" : "https://github.com/xiangyu-sun/AppStoreReviewPrompt.git",
      "state" : {
        "branch" : "main",
        "revision" : "336fe744c714da9eae2b7cf07b090f81b2a7c184"
      }
    },
    {
      "identity" : "chineseastrologycalendar",
      "kind" : "remoteSourceControl",
      "location" : "https://github.com/xiangyu-sun/ChineseAstrologyCalendar.git",
      "state" : {
        "branch" : "master",
        "revision" : "d18b9fb63b5516295f0a5ea0255771d25b4d6639"
      }
    },
    {
      "identity" : "chinesetranditionalmusiccore",
      "kind" : "remoteSourceControl",
      "location" : "https://github.com/xiangyu-sun/ChineseTranditionalMusicCore.git",
      "state" : {
        "branch" : "main",
        "revision" : "9b61a9774c520fe3bfda48405026593a30d9b53e"
      }
    },
    {
      "identity" : "jingluoshuxuecore",
      "kind" : "remoteSourceControl",
      "location" : "https://github.com/xiangyu-sun/JingluoShuxueCore.git",
      "state" : {
        "branch" : "main",
        "revision" : "c0f1959836afa25e9e2fc1b93e69f9b64cbe6edb"
      }
    },
    {
      "identity" : "musictheory",
      "kind" : "remoteSourceControl",
      "location" : "https://github.com/xiangyu-sun/MusicTheory",
      "state" : {
        "branch" : "master",
        "revision" : "848677cde4c93681010a8e80dc524b322f37f549"
      }
    },
    {
      "identity" : "shangdiankit",
      "kind" : "remoteSourceControl",
      "location" : "git@github.com:xiangyu-sun/ShangdianKit.git",
      "state" : {
        "branch" : "main",
        "revision" : "495417b1a60d40b63971ee1e4717fe3b104c0740"
      }
    },
    {
      "identity" : "swift-numerics",
      "kind" : "remoteSourceControl",
      "location" : "https://github.com/apple/swift-numerics",
      "state" : {
        "revision" : "0a5bc04095a675662cf24757cc0640aa2204253b",
        "version" : "1.0.2"
      }
    }
  ],
  "version" : 2
}
