{
  "originHash" : "f7b9812c0517b30923dafb106813684f20bba837b141b03388c6062cacbba105",
  "pins" : [
    {
      "identity" : "appstorereviewprompt",
      "kind" : "remoteSourceControl",
      "location" : "https://github.com/xiangyu-sun/AppStoreReviewPrompt.git",
      "state" : {
        "branch" : "main",
        "revision" : "c16e812f689df5ef9819257c27b28c9e7006f483"
      }
    },
    {
      "identity" : "astral",
      "kind" : "remoteSourceControl",
      "location" : "git@github.com:xiangyu-sun/Astral.git",
      "state" : {
        "branch" : "main",
        "revision" : "f8b9c0914bacfea3973290eee9faa66858b2ec46"
      }
    },
    {
      "identity" : "bagua",
      "kind" : "remoteSourceControl",
      "location" : "git@github.com:xiangyu-sun/Bagua.git",
      "state" : {
        "branch" : "main",
        "revision" : "831d1b978b58bb1d890df27c11811c97c00475d2"
      }
    },
    {
      "identity" : "chineseastrologycalendar",
      "kind" : "remoteSourceControl",
      "location" : "https://github.com/xiangyu-sun/ChineseAstrologyCalendar.git",
      "state" : {
        "branch" : "master",
        "revision" : "3512a7cd7926dccb974f40391252fdd6ad99cf50"
      }
    },
    {
      "identity" : "chinesetranditionalmusiccore",
      "kind" : "remoteSourceControl",
      "location" : "https://github.com/xiangyu-sun/ChineseTranditionalMusicCore.git",
      "state" : {
        "branch" : "main",
        "revision" : "6667922e134a3b199d66f409664de18291c5b5fc"
      }
    },
    {
      "identity" : "jingluoshuxuecore",
      "kind" : "remoteSourceControl",
      "location" : "https://github.com/xiangyu-sun/JingluoShuxueCore.git",
      "state" : {
        "branch" : "main",
        "revision" : "e9228a9dfc01e07f11984ff4b79e0936ddbe329c"
      }
    },
    {
      "identity" : "musictheory",
      "kind" : "remoteSourceControl",
      "location" : "https://github.com/xiangyu-sun/MusicTheory",
      "state" : {
        "branch" : "master",
        "revision" : "848677cde4c93681010a8e80dc524b322f37f549"
      }
    },
    {
      "identity" : "shangdiankit",
      "kind" : "remoteSourceControl",
      "location" : "git@github.com:xiangyu-sun/ShangdianKit.git",
      "state" : {
        "branch" : "main",
        "revision" : "495417b1a60d40b63971ee1e4717fe3b104c0740"
      }
    },
    {
      "identity" : "swift",
      "kind" : "remoteSourceControl",
      "location" : "https://github.com/airbnb/swift",
      "state" : {
        "revision" : "c7e833face3f893b8defde66eecb66f24b55ca35",
        "version" : "1.0.8"
      }
    },
    {
      "identity" : "swift-argument-parser",
      "kind" : "remoteSourceControl",
      "location" : "https://github.com/apple/swift-argument-parser",
      "state" : {
        "revision" : "011f0c765fb46d9cac61bca19be0527e99c98c8b",
        "version" : "1.5.1"
      }
    },
    {
      "identity" : "swift-numerics",
      "kind" : "remoteSourceControl",
      "location" : "https://github.com/apple/swift-numerics",
      "state" : {
        "revision" : "e0ec0f5f3af6f3e4d5e7a19d2af26b481acb6ba8",
        "version" : "1.0.3"
      }
    }
  ],
  "version" : 3
}
