{
  "originHash" : "f7b9812c0517b30923dafb106813684f20bba837b141b03388c6062cacbba105",
  "pins" : [
    {
      "identity" : "appstorereviewprompt",
      "kind" : "remoteSourceControl",
      "location" : "https://github.com/xiangyu-sun/AppStoreReviewPrompt.git",
      "state" : {
        "branch" : "main",
        "revision" : "c16e812f689df5ef9819257c27b28c9e7006f483"
      }
    },
    {
      "identity" : "astral",
      "kind" : "remoteSourceControl",
      "location" : "git@github.com:xiangyu-sun/Astral.git",
      "state" : {
        "branch" : "main",
        "revision" : "ae7705656b7e6d0dbd741ee8490931133b42129f"
      }
    },
    {
      "identity" : "bagua",
      "kind" : "remoteSourceControl",
      "location" : "git@github.com:xiangyu-sun/Bagua.git",
      "state" : {
        "branch" : "main",
        "revision" : "e8f43fb9b27d51ac7517315ecc2efdbcacff2749"
      }
    },
    {
      "identity" : "chineseastrologycalendar",
      "kind" : "remoteSourceControl",
      "location" : "https://github.com/xiangyu-sun/ChineseAstrologyCalendar.git",
      "state" : {
        "branch" : "master",
        "revision" : "6050cfdb6390491320a5e48a2c3794e319bd66ba"
      }
    },
    {
      "identity" : "chinesetranditionalmusiccore",
      "kind" : "remoteSourceControl",
      "location" : "https://github.com/xiangyu-sun/ChineseTranditionalMusicCore.git",
      "state" : {
        "branch" : "main",
        "revision" : "6667922e134a3b199d66f409664de18291c5b5fc"
      }
    },
    {
      "identity" : "jingluoshuxuecore",
      "kind" : "remoteSourceControl",
      "location" : "https://github.com/xiangyu-sun/JingluoShuxueCore.git",
      "state" : {
        "branch" : "main",
        "revision" : "e9228a9dfc01e07f11984ff4b79e0936ddbe329c"
      }
    },
    {
      "identity" : "musictheory",
      "kind" : "remoteSourceControl",
      "location" : "https://github.com/xiangyu-sun/MusicTheory",
      "state" : {
        "branch" : "master",
        "revision" : "848677cde4c93681010a8e80dc524b322f37f549"
      }
    },
    {
      "identity" : "shangdiankit",
      "kind" : "remoteSourceControl",
      "location" : "git@github.com:xiangyu-sun/ShangdianKit.git",
      "state" : {
        "branch" : "main",
        "revision" : "495417b1a60d40b63971ee1e4717fe3b104c0740"
      }
    },
    {
      "identity" : "swift",
      "kind" : "remoteSourceControl",
      "location" : "https://github.com/airbnb/swift",
      "state" : {
        "revision" : "c7e833face3f893b8defde66eecb66f24b55ca35",
        "version" : "1.0.8"
      }
    },
    {
      "identity" : "swift-argument-parser",
      "kind" : "remoteSourceControl",
      "location" : "https://github.com/apple/swift-argument-parser",
      "state" : {
        "revision" : "309a47b2b1d9b5e991f36961c983ecec72275be3",
        "version" : "1.6.1"
      }
    },
    {
      "identity" : "swift-numerics",
      "kind" : "remoteSourceControl",
      "location" : "https://github.com/apple/swift-numerics",
      "state" : {
        "revision" : "e0ec0f5f3af6f3e4d5e7a19d2af26b481acb6ba8",
        "version" : "1.0.3"
      }
    }
  ],
  "version" : 3
}
